// !$*UTF8*$!
{
	archiveVersion = 1;
	classes = {
	};
	objectVersion = 55;
	objects = {

/* Begin PBXBuildFile section */
		02610ACC217416C78DFBFD98 /* KimiBalanceProvider.swift in Sources */ = {isa = PBXBuildFile; fileRef = EA4601AEE6E22E8C68DA45B9 /* KimiBalanceProvider.swift */; };
		03DC753BA3A451F9726FF7A1 /* AppearanceSettingsCard.swift in Sources */ = {isa = PBXBuildFile; fileRef = 5E29D907B3D8CA9ED047AFD5 /* AppearanceSettingsCard.swift */; };
		062469C0F777D8C8034128AE /* SettingsStore.swift in Sources */ = {isa = PBXBuildFile; fileRef = 2FFC3513BBD6A6E55C80AB91 /* SettingsStore.swift */; };
		0AEA4C40DCB52374868F67AD /* AppDelegate.swift in Sources */ = {isa = PBXBuildFile; fileRef = C5F9141AAB18DF160ABCB945 /* AppDelegate.swift */; };
		0B3AA4CB9581C6467F9C2C05 /* BalanceCardView.swift in Sources */ = {isa = PBXBuildFile; fileRef = F342A2116AC420D4A006039D /* BalanceCardView.swift */; };
		0B6178146159F40E7FEC142D /* SettingsExpandableCard.swift in Sources */ = {isa = PBXBuildFile; fileRef = D67797107671E28F484CA2F2 /* SettingsExpandableCard.swift */; };
		0B9377EC164F3672E419D839 /* DMXAPIProviderTests.swift in Sources */ = {isa = PBXBuildFile; fileRef = E1231E34AA6D3150E0F35241 /* DMXAPIProviderTests.swift */; };
		0E9115E3FED9E36F635C7D25 /* VolcengineProviderTests.swift in Sources */ = {isa = PBXBuildFile; fileRef = 6F59693BAE84A94FCAB471C3 /* VolcengineProviderTests.swift */; };
		0F220079E772F8EF9043A268 /* MiMoProviderTests.swift in Sources */ = {isa = PBXBuildFile; fileRef = 8000B5EAF785F837BF7846E6 /* MiMoProviderTests.swift */; };
		0F9C5C27CE4AF3EC4E9142DF /* OpenRouterBalanceProvider.swift in Sources */ = {isa = PBXBuildFile; fileRef = 35EACBEF49880E359E6C73B4 /* OpenRouterBalanceProvider.swift */; };
		10AB940428A80FC7E6D8AEA7 /* Theme.swift in Sources */ = {isa = PBXBuildFile; fileRef = EAFE355963892C82786059F4 /* Theme.swift */; };
		13B3AEE24A30E624FA8815F3 /* BalanceStatus.swift in Sources */ = {isa = PBXBuildFile; fileRef = D0649B4E71FD6FE4A52F640C /* BalanceStatus.swift */; };
		15C3C08533FDE9713C2EBA90 /* BalanceService.swift in Sources */ = {isa = PBXBuildFile; fileRef = 0936C127D1AF75D376EEE61B /* BalanceService.swift */; };
		1818A3A4E7418396BD2F8B1A /* SettingsRootView.swift in Sources */ = {isa = PBXBuildFile; fileRef = F87D9F53CC0C671F1E816FFF /* SettingsRootView.swift */; };
		189947535EEB147F21BBC9AA /* BackgroundSystemSection.swift in Sources */ = {isa = PBXBuildFile; fileRef = 54068C0F70D0DB725981D35D /* BackgroundSystemSection.swift */; };
		1BF6C674F693423CE0EE54FE /* NewAPIProviderTests.swift in Sources */ = {isa = PBXBuildFile; fileRef = 152276216B4BABECD8B59ECD /* NewAPIProviderTests.swift */; };
		1C3BC9240B8AF6642F31DD43 /* SMTPSection.swift in Sources */ = {isa = PBXBuildFile; fileRef = C5AAE8EF719BC07AF237A54F /* SMTPSection.swift */; };
		1DBE74EAD98F03A728A60356 /* VolcengineSigner.swift in Sources */ = {isa = PBXBuildFile; fileRef = 52E6BB535A3CCB48BCF86A90 /* VolcengineSigner.swift */; };
		236D73C099F018E767F9D57E /* ThemeMode.swift in Sources */ = {isa = PBXBuildFile; fileRef = 57E5CA0EAE0ACA963EBABA91 /* ThemeMode.swift */; };
		2770DF8C5D975AC370E66103 /* AppLog.swift in Sources */ = {isa = PBXBuildFile; fileRef = 83F145D494EDCB4547269E57 /* AppLog.swift */; };
		29B0D85E83F41F6F6DB21D59 /* NestedSettingsCard.swift in Sources */ = {isa = PBXBuildFile; fileRef = 1FBEF854F6CBD36CDD96164A /* NestedSettingsCard.swift */; };
		2C5CE599258DD64465E17522 /* LaoZhangProviderTests.swift in Sources */ = {isa = PBXBuildFile; fileRef = 52B5A932223E0B4A423D6950 /* LaoZhangProviderTests.swift */; };
		2DF3BF0A55F38A3AE02060F2 /* EmailAlertSettings.swift in Sources */ = {isa = PBXBuildFile; fileRef = E53937A026F97A996CB2B4C5 /* EmailAlertSettings.swift */; };
		2F2D90FB5C8D3D2DA2871D82 /* MenuBarStatusItemDriver.swift in Sources */ = {isa = PBXBuildFile; fileRef = F0C21DCA1A2966B716A55E15 /* MenuBarStatusItemDriver.swift */; };
		30C124ED4BE4AD7533880697 /* DeepSeekBalanceProvider.swift in Sources */ = {isa = PBXBuildFile; fileRef = 1C68225513ACAA3DD728D25E /* DeepSeekBalanceProvider.swift */; };
		31B6677798723C88070A22A4 /* AlertChannel.swift in Sources */ = {isa = PBXBuildFile; fileRef = 3EBB3C6351DCAC5328DC1176 /* AlertChannel.swift */; };
		331811AC02FB4901970E00FE /* BalanceAccount.swift in Sources */ = {isa = PBXBuildFile; fileRef = BF2BF335BCCB49E9F8CA6AEE /* BalanceAccount.swift */; };
		3365F84CE12D56E8CBEE1A88 /* UpdateChecker.swift in Sources */ = {isa = PBXBuildFile; fileRef = 60145F6BD534C3FB05AA116B /* UpdateChecker.swift */; };
		35F64C8CF38DEE2627D76D01 /* Domain.framework in Frameworks */ = {isa = PBXBuildFile; fileRef = DA1C4B11EB28B7088638D9A2 /* Domain.framework */; };
		38FD910AB0D1FE33446A6B66 /* BalanceProvider.swift in Sources */ = {isa = PBXBuildFile; fileRef = 9627086E9C867E333AA891AA /* BalanceProvider.swift */; };
		39D5E9D5A606C3EDEF337FE3 /* KimiProviderTests.swift in Sources */ = {isa = PBXBuildFile; fileRef = A9CE4C39537DEE121B23206C /* KimiProviderTests.swift */; };
		3BE8B92353DD1E25551F5BD3 /* LanguageSettingsCard.swift in Sources */ = {isa = PBXBuildFile; fileRef = F14EEC0DBA2D4A5DB360FECA /* LanguageSettingsCard.swift */; };
		3EBDB0905CB22903179191C2 /* TuistAssets+AppTests.swift in Sources */ = {isa = PBXBuildFile; fileRef = D9F5D58A9832B84E82134D05 /* TuistAssets+AppTests.swift */; };
		3F2EDADEF54805F8D0312B24 /* ProviderRegistryTests.swift in Sources */ = {isa = PBXBuildFile; fileRef = 098DB837B8BCB02F7EF83AA0 /* ProviderRegistryTests.swift */; };
		3F4F6534B5564484A9ADEE4F /* LaunchAtLogin.swift in Sources */ = {isa = PBXBuildFile; fileRef = C1457F2F6AF195F4853B3450 /* LaunchAtLogin.swift */; };
		433EA782CEF1F5085D7B8318 /* AppIcon.icns in Resources */ = {isa = PBXBuildFile; fileRef = 49C9281D2CD654099B754765 /* AppIcon.icns */; };
		43BCB6863440CFC363B1A718 /* Assets.xcassets in Resources */ = {isa = PBXBuildFile; fileRef = 9335C8DFE67FB1CBAF966549 /* Assets.xcassets */; };
		43FA15EFD5C239EC1293B1AA /* LaoZhangBalanceProvider.swift in Sources */ = {isa = PBXBuildFile; fileRef = 1B8840EBA5FA75BA7D47CC29 /* LaoZhangBalanceProvider.swift */; };
		48083B0B448C8941D61125DD /* HomeView.swift in Sources */ = {isa = PBXBuildFile; fileRef = 3597F046B4FAC85DF2C83703 /* HomeView.swift */; };
		4BAA0A8715D803A4967FA7CB /* Infrastructure.framework in Frameworks */ = {isa = PBXBuildFile; fileRef = DBEFD3F44F48273CDD717D90 /* Infrastructure.framework */; };
		571AD238F266A7BED9532964 /* SessionCookieParser.swift in Sources */ = {isa = PBXBuildFile; fileRef = 063AE39863208258972989DD /* SessionCookieParser.swift */; };
		5E40934CEE7455A0BCDF47D3 /* TuistAssets+SmartBalance.swift in Sources */ = {isa = PBXBuildFile; fileRef = E74407DA5E51665BE993E53C /* TuistAssets+SmartBalance.swift */; };
		5EA0691D6B1E3C6F2560DE04 /* TuistBundle+SmartBalance.swift in Sources */ = {isa = PBXBuildFile; fileRef = 5A5EAD2AACF92F7B11858ED3 /* TuistBundle+SmartBalance.swift */; };
		64888127842C1932291B525D /* AppIcon.icns in Resources */ = {isa = PBXBuildFile; fileRef = 49C9281D2CD654099B754765 /* AppIcon.icns */; };
		65400FAC4FBCD13B396D562B /* AlertEvent.swift in Sources */ = {isa = PBXBuildFile; fileRef = 51E8782D402683CD9D05DCD3 /* AlertEvent.swift */; };
		677B39AF0161D48035607CB3 /* ManualBalanceProvider.swift in Sources */ = {isa = PBXBuildFile; fileRef = F030FD6912B28D4CF8202858 /* ManualBalanceProvider.swift */; };
		67AF1964A6042820EF0DF7ED /* MiMoBalanceProvider.swift in Sources */ = {isa = PBXBuildFile; fileRef = 480351C99EAE33EC8D12A3D1 /* MiMoBalanceProvider.swift */; };
		6D4AF8B9FCAD3736E516DD59 /* MenuBarExtraAccess.framework in Frameworks */ = {isa = PBXBuildFile; fileRef = FA9ACE02A8A0C9768B670F33 /* MenuBarExtraAccess.framework */; };
		7079128490458FFAA6F3668D /* ProviderLogoView.swift in Sources */ = {isa = PBXBuildFile; fileRef = F3228372433F2ADCE983F36C /* ProviderLogoView.swift */; };
		72D529F018D6AB152FCBFD25 /* DataSourceKind.swift in Sources */ = {isa = PBXBuildFile; fileRef = 60576DDC7BB0B4190A050369 /* DataSourceKind.swift */; };
		74B4CBF8F02D3B3B5852876F /* AppModel.swift in Sources */ = {isa = PBXBuildFile; fileRef = 6D54145CDACB1B1247DD86DB /* AppModel.swift */; };
		770DD6DE0217DB75050D1B4D /* DataBackupService.swift in Sources */ = {isa = PBXBuildFile; fileRef = 640B5BC2F9F7EEA57161CE32 /* DataBackupService.swift */; };
		77335B024B0CF649A57E5FB7 /* BalanceSnapshotTests.swift in Sources */ = {isa = PBXBuildFile; fileRef = 7FAA58DA22156D7AE9CC04AC /* BalanceSnapshotTests.swift */; };
		78717D74C908178226904FF3 /* MacNotificationService.swift in Sources */ = {isa = PBXBuildFile; fileRef = 9CF301DDD63AC22702F76913 /* MacNotificationService.swift */; };
		7D14D3AB8FBC04D2879F7EA9 /* Infrastructure.framework in Frameworks */ = {isa = PBXBuildFile; fileRef = DBEFD3F44F48273CDD717D90 /* Infrastructure.framework */; };
		80E36DB75A4C17E94D1F7EF6 /* AppMotion.swift in Sources */ = {isa = PBXBuildFile; fileRef = CBCEB56E7ED644F6397BE1BC /* AppMotion.swift */; };
		83635A4BA43B921BA8A0C467 /* PinnedOrPopoverChrome.swift in Sources */ = {isa = PBXBuildFile; fileRef = E066952C01B7164AECA2DEF5 /* PinnedOrPopoverChrome.swift */; };
		8541753C4192F59AC907A724 /* ViralTokBalanceProvider.swift in Sources */ = {isa = PBXBuildFile; fileRef = 36669B997FED5162C0E150BC /* ViralTokBalanceProvider.swift */; };
		85590F0DDE8532CFF8C7C120 /* LocalSecretStore.swift in Sources */ = {isa = PBXBuildFile; fileRef = 0DBBCC57E67CE44781B7867D /* LocalSecretStore.swift */; };
		8706E9E1FB4DC8251D8EEFDC /* HTTPClient.swift in Sources */ = {isa = PBXBuildFile; fileRef = 4C299590DA907A1C409B8818 /* HTTPClient.swift */; };
		8B55AF3AD4CB1E79208DED0B /* AppSettings.swift in Sources */ = {isa = PBXBuildFile; fileRef = DF532DFB5BBC8067BB5820E3 /* AppSettings.swift */; };
		93D38310245857DB4DA1633B /* Domain.framework in Dependencies */ = {isa = PBXBuildFile; fileRef = DA1C4B11EB28B7088638D9A2 /* Domain.framework */; };
		95136C9195F18EC2B724C610 /* APIAccountsSection.swift in Sources */ = {isa = PBXBuildFile; fileRef = DB1A0C61D85FDE90DD43229F /* APIAccountsSection.swift */; };
		98782C024CF48DBB2D1D293A /* SmartBalanceApp.swift in Sources */ = {isa = PBXBuildFile; fileRef = C98A7440BFE1BF9348E6D47F /* SmartBalanceApp.swift */; };
		99AB8EFFCD4ECDF70BC7E02D /* NewAPIBalanceProvider.swift in Sources */ = {isa = PBXBuildFile; fileRef = 4A45BEB35210C1E5C894D8CB /* NewAPIBalanceProvider.swift */; };
		A2B0652DED11DF8B1706113F /* SMTPProtocolFormattingTests.swift in Sources */ = {isa = PBXBuildFile; fileRef = F71A8BC1881287D18421CB6E /* SMTPProtocolFormattingTests.swift */; };
		A2F5302BA6B63359FA3F6F59 /* MiniMaxProviderTests.swift in Sources */ = {isa = PBXBuildFile; fileRef = 05B1716E385E5591813DC952 /* MiniMaxProviderTests.swift */; };
		A8FA5ADCF09D35D303D9085E /* AlertCooldownPolicy.swift in Sources */ = {isa = PBXBuildFile; fileRef = ABFCFBF55B0BEBE548954682 /* AlertCooldownPolicy.swift */; };
		A9387960F89BD6A1A716DDF6 /* MenuBarStatusItemDriver.swift in Sources */ = {isa = PBXBuildFile; fileRef = F0C21DCA1A2966B716A55E15 /* MenuBarStatusItemDriver.swift */; };
		AAAD866D367B2FBAA75F22FC /* L10n.swift in Sources */ = {isa = PBXBuildFile; fileRef = 519D1E55589F026240054991 /* L10n.swift */; };
		ADAF4835382D8D9EE56609B7 /* RefreshInterval.swift in Sources */ = {isa = PBXBuildFile; fileRef = 75AD07EB3DE4787A4C2FB2C8 /* RefreshInterval.swift */; };
		AEDC07174D7D3354AC55C76B /* MenuBarStatusItemDriverTests.swift in Sources */ = {isa = PBXBuildFile; fileRef = BF5637A3FBDD0924ECEDB43B /* MenuBarStatusItemDriverTests.swift */; };
		B16146F7DA60CD6B021F3168 /* ProviderRegistry.swift in Sources */ = {isa = PBXBuildFile; fileRef = 92366B2C08F5A6E3BB58CFE7 /* ProviderRegistry.swift */; };
		B282716E841ADC4D94E6A9EA /* Domain.framework in Frameworks */ = {isa = PBXBuildFile; fileRef = DA1C4B11EB28B7088638D9A2 /* Domain.framework */; };
		B920E4E0F76A20E95C77560B /* MiniMaxBalanceProvider.swift in Sources */ = {isa = PBXBuildFile; fileRef = 060CC7A7C5ECD0A6071C3E10 /* MiniMaxBalanceProvider.swift */; };
		B9BB96A8E86CD80043FBF011 /* HTTPClientMock.swift in Sources */ = {isa = PBXBuildFile; fileRef = 5604F41C8F665AC5D238CCA3 /* HTTPClientMock.swift */; };
		C1B13A2490B2E5937B432DE0 /* Brand.swift in Sources */ = {isa = PBXBuildFile; fileRef = EBD25801FF4237FC1E955A84 /* Brand.swift */; };
		C219449F406EA8F47682EE1D /* MenuRootView.swift in Sources */ = {isa = PBXBuildFile; fileRef = 1F4A673C6ED19EC89A6E61BA /* MenuRootView.swift */; };
		CD1406BB8CB3E7BAD20F67D2 /* ProviderKind.swift in Sources */ = {isa = PBXBuildFile; fileRef = D87A480F96777DF6FE34FB61 /* ProviderKind.swift */; };
		CEAFD0F3A1559BF61519B0C3 /* DMXAPIBalanceProvider.swift in Sources */ = {isa = PBXBuildFile; fileRef = A43CF5F4C7DC6B2FCC7BFB76 /* DMXAPIBalanceProvider.swift */; };
		D7CC7D7BEB36002C15517110 /* AlertThresholdTests.swift in Sources */ = {isa = PBXBuildFile; fileRef = 0801A5A3F027D0D82C06323E /* AlertThresholdTests.swift */; };
		D9AE0F7F4BCE39BAB8A44CFF /* Assets.xcassets in Resources */ = {isa = PBXBuildFile; fileRef = 9335C8DFE67FB1CBAF966549 /* Assets.xcassets */; };
		DAC24879E42C6658477B877C /* ReleaseDownloader.swift in Sources */ = {isa = PBXBuildFile; fileRef = D5832C78D9AEEFF8EC10897E /* ReleaseDownloader.swift */; };
		DD64CD5BF5E6DADC4608EACD /* DeepSeekProviderTests.swift in Sources */ = {isa = PBXBuildFile; fileRef = 02B6997794C0ABBBFEB02E2A /* DeepSeekProviderTests.swift */; };
		DEB257278157844EE997587C /* SettingsChrome.swift in Sources */ = {isa = PBXBuildFile; fileRef = 8870F539D14F573853FD8408 /* SettingsChrome.swift */; };
		E019C035637318750622C4AC /* TuistBundle+AppTests.swift in Sources */ = {isa = PBXBuildFile; fileRef = 7BDF2E45DE4645D3FE9E0814 /* TuistBundle+AppTests.swift */; };
		E2527499AD2C162A25D45195 /* AppLanguage.swift in Sources */ = {isa = PBXBuildFile; fileRef = B92BCD2E0188D6492EAC7395 /* AppLanguage.swift */; };
		E30EFB57A9D82D64D408757F /* SecretMask.swift in Sources */ = {isa = PBXBuildFile; fileRef = CFF26DFD225E26801BD8B0EA /* SecretMask.swift */; };
		E8D6FAB1FBD1EC0A81D4353B /* ViralTokProviderTests.swift in Sources */ = {isa = PBXBuildFile; fileRef = C4CE1EF4B9D661D8E0EC1540 /* ViralTokProviderTests.swift */; };
		EA65F5255DE4A15AD0445367 /* OpenRouterProviderTests.swift in Sources */ = {isa = PBXBuildFile; fileRef = F14B6A6413BB5EA3C5A52AA7 /* OpenRouterProviderTests.swift */; };
		ED1546818E0A00C3649B46F4 /* AlertChannelsSection.swift in Sources */ = {isa = PBXBuildFile; fileRef = F2EB39095094CE9898ECCA2A /* AlertChannelsSection.swift */; };
		EE31A900C3FA17FCB8997FCE /* VolcengineBalanceProvider.swift in Sources */ = {isa = PBXBuildFile; fileRef = E25CDDCD9DA0711BE2EB4147 /* VolcengineBalanceProvider.swift */; };
		F408E4378A848785F458910E /* BalanceSnapshot.swift in Sources */ = {isa = PBXBuildFile; fileRef = 42A81C173273B9D42AD654E3 /* BalanceSnapshot.swift */; };
		F41BDA821A1D7689B8343B53 /* PinnedBalanceWindow.swift in Sources */ = {isa = PBXBuildFile; fileRef = 874A99FADE042A0E1E3D8317 /* PinnedBalanceWindow.swift */; };
		FDB9A9FC7B7CE252891F0300 /* Domain.framework in Frameworks */ = {isa = PBXBuildFile; fileRef = DA1C4B11EB28B7088638D9A2 /* Domain.framework */; };
		FE13F8A8238A78BF04941E6E /* SMTPClient.swift in Sources */ = {isa = PBXBuildFile; fileRef = 964480BD23406FE27B496D1A /* SMTPClient.swift */; };
/* End PBXBuildFile section */

/* Begin PBXContainerItemProxy section */
		04D287EB1DBD26912C37223C /* PBXContainerItemProxy */ = {
			isa = PBXContainerItemProxy;
			containerPortal = 5AFCC80BD97D1B75DA888207 /* Project object */;
			proxyType = 1;
			remoteGlobalIDString = E57F25F94BD425DCC8066FB6;
			remoteInfo = Domain;
		};
		4257946252AB4B8C7CE46C4A /* PBXContainerItemProxy */ = {
			isa = PBXContainerItemProxy;
			containerPortal = 5AFCC80BD97D1B75DA888207 /* Project object */;
			proxyType = 1;
			remoteGlobalIDString = E57F25F94BD425DCC8066FB6;
			remoteInfo = Domain;
		};
		53DB45B425C785C7631B3943 /* PBXContainerItemProxy */ = {
			isa = PBXContainerItemProxy;
			containerPortal = 5AFCC80BD97D1B75DA888207 /* Project object */;
			proxyType = 1;
			remoteGlobalIDString = 7E593677A38220BD5DC453AD;
			remoteInfo = Infrastructure;
		};
		5781C882F8960DF837EF576A /* PBXContainerItemProxy */ = {
			isa = PBXContainerItemProxy;
			containerPortal = 5AFCC80BD97D1B75DA888207 /* Project object */;
			proxyType = 1;
			remoteGlobalIDString = 7E593677A38220BD5DC453AD;
			remoteInfo = Infrastructure;
		};
		961D27C9C226582103399534 /* PBXContainerItemProxy */ = {
			isa = PBXContainerItemProxy;
			containerPortal = 5AFCC80BD97D1B75DA888207 /* Project object */;
			proxyType = 1;
			remoteGlobalIDString = E57F25F94BD425DCC8066FB6;
			remoteInfo = Domain;
		};
		E9EAE3372859886BB5611C01 /* PBXContainerItemProxy */ = {
			isa = PBXContainerItemProxy;
			containerPortal = 5AFCC80BD97D1B75DA888207 /* Project object */;
			proxyType = 1;
			remoteGlobalIDString = E57F25F94BD425DCC8066FB6;
			remoteInfo = Domain;
		};
/* End PBXContainerItemProxy section */

/* Begin PBXCopyFilesBuildPhase section */
		1E10B6CAE0A5BC965BC7A1F6 /* Embed Frameworks */ = {
			isa = PBXCopyFilesBuildPhase;
			buildActionMask = 2147483647;
			dstPath = "";
			dstSubfolderSpec = 10;
			files = (
			);
			name = "Embed Frameworks";
			runOnlyForDeploymentPostprocessing = 0;
		};
		3108B056E4CF65E7AC3DA6D0 /* Dependencies */ = {
			isa = PBXCopyFilesBuildPhase;
			buildActionMask = 8;
			dstSubfolderSpec = 16;
			files = (
				93D38310245857DB4DA1633B /* Domain.framework in Dependencies */,
			);
			name = Dependencies;
			runOnlyForDeploymentPostprocessing = 1;
		};
		68AE34E29ECF44BDE449B83F /* Embed Frameworks */ = {
			isa = PBXCopyFilesBuildPhase;
			buildActionMask = 2147483647;
			dstPath = "";
			dstSubfolderSpec = 10;
			files = (
			);
			name = "Embed Frameworks";
			runOnlyForDeploymentPostprocessing = 0;
		};
		7A648D2BDBC23DF958D52B98 /* Embed Frameworks */ = {
			isa = PBXCopyFilesBuildPhase;
			buildActionMask = 2147483647;
			dstPath = "";
			dstSubfolderSpec = 10;
			files = (
			);
			name = "Embed Frameworks";
			runOnlyForDeploymentPostprocessing = 0;
		};
		87D73574F8F3D87695571220 /* Embed Frameworks */ = {
			isa = PBXCopyFilesBuildPhase;
			buildActionMask = 2147483647;
			dstPath = "";
			dstSubfolderSpec = 10;
			files = (
			);
			name = "Embed Frameworks";
			runOnlyForDeploymentPostprocessing = 0;
		};
		9846D848CCD5ECFB97B298B8 /* Embed Frameworks */ = {
			isa = PBXCopyFilesBuildPhase;
			buildActionMask = 2147483647;
			dstPath = "";
			dstSubfolderSpec = 10;
			files = (
			);
			name = "Embed Frameworks";
			runOnlyForDeploymentPostprocessing = 0;
		};
		E8A665470EFEEC4F43F34F5E /* Embed Frameworks */ = {
			isa = PBXCopyFilesBuildPhase;
			buildActionMask = 2147483647;
			dstPath = "";
			dstSubfolderSpec = 10;
			files = (
			);
			name = "Embed Frameworks";
			runOnlyForDeploymentPostprocessing = 0;
		};
/* End PBXCopyFilesBuildPhase section */

/* Begin PBXFileReference section */
		02B6997794C0ABBBFEB02E2A /* DeepSeekProviderTests.swift */ = {isa = PBXFileReference; lastKnownFileType = sourcecode.swift; path = DeepSeekProviderTests.swift; sourceTree = "<group>"; };
		05B1716E385E5591813DC952 /* MiniMaxProviderTests.swift */ = {isa = PBXFileReference; lastKnownFileType = sourcecode.swift; path = MiniMaxProviderTests.swift; sourceTree = "<group>"; };
		060CC7A7C5ECD0A6071C3E10 /* MiniMaxBalanceProvider.swift */ = {isa = PBXFileReference; lastKnownFileType = sourcecode.swift; path = MiniMaxBalanceProvider.swift; sourceTree = "<group>"; };
		063AE39863208258972989DD /* SessionCookieParser.swift */ = {isa = PBXFileReference; lastKnownFileType = sourcecode.swift; path = SessionCookieParser.swift; sourceTree = "<group>"; };
		06998D7944A06D8515432118 /* DomainTests-Info.plist */ = {isa = PBXFileReference; lastKnownFileType = text.plist; path = "DomainTests-Info.plist"; sourceTree = "<group>"; };
		0801A5A3F027D0D82C06323E /* AlertThresholdTests.swift */ = {isa = PBXFileReference; lastKnownFileType = sourcecode.swift; path = AlertThresholdTests.swift; sourceTree = "<group>"; };
		0936C127D1AF75D376EEE61B /* BalanceService.swift */ = {isa = PBXFileReference; lastKnownFileType = sourcecode.swift; path = BalanceService.swift; sourceTree = "<group>"; };
		098DB837B8BCB02F7EF83AA0 /* ProviderRegistryTests.swift */ = {isa = PBXFileReference; lastKnownFileType = sourcecode.swift; path = ProviderRegistryTests.swift; sourceTree = "<group>"; };
		0DBBCC57E67CE44781B7867D /* LocalSecretStore.swift */ = {isa = PBXFileReference; lastKnownFileType = sourcecode.swift; path = LocalSecretStore.swift; sourceTree = "<group>"; };
		152276216B4BABECD8B59ECD /* NewAPIProviderTests.swift */ = {isa = PBXFileReference; lastKnownFileType = sourcecode.swift; path = NewAPIProviderTests.swift; sourceTree = "<group>"; };
		1B8840EBA5FA75BA7D47CC29 /* LaoZhangBalanceProvider.swift */ = {isa = PBXFileReference; lastKnownFileType = sourcecode.swift; path = LaoZhangBalanceProvider.swift; sourceTree = "<group>"; };
		1C68225513ACAA3DD728D25E /* DeepSeekBalanceProvider.swift */ = {isa = PBXFileReference; lastKnownFileType = sourcecode.swift; path = DeepSeekBalanceProvider.swift; sourceTree = "<group>"; };
		1F1894175030E34C1224EE99 /* AppTests-Info.plist */ = {isa = PBXFileReference; lastKnownFileType = text.plist; path = "AppTests-Info.plist"; sourceTree = "<group>"; };
		1F4A673C6ED19EC89A6E61BA /* MenuRootView.swift */ = {isa = PBXFileReference; lastKnownFileType = sourcecode.swift; path = MenuRootView.swift; sourceTree = "<group>"; };
		1FBEF854F6CBD36CDD96164A /* NestedSettingsCard.swift */ = {isa = PBXFileReference; lastKnownFileType = sourcecode.swift; path = NestedSettingsCard.swift; sourceTree = "<group>"; };
		2FFC3513BBD6A6E55C80AB91 /* SettingsStore.swift */ = {isa = PBXFileReference; lastKnownFileType = sourcecode.swift; path = SettingsStore.swift; sourceTree = "<group>"; };
		3590E1788835BA90EC6C6A87 /* Domain-Info.plist */ = {isa = PBXFileReference; lastKnownFileType = text.plist; path = "Domain-Info.plist"; sourceTree = "<group>"; };
		3597F046B4FAC85DF2C83703 /* HomeView.swift */ = {isa = PBXFileReference; lastKnownFileType = sourcecode.swift; path = HomeView.swift; sourceTree = "<group>"; };
		35EACBEF49880E359E6C73B4 /* OpenRouterBalanceProvider.swift */ = {isa = PBXFileReference; lastKnownFileType = sourcecode.swift; path = OpenRouterBalanceProvider.swift; sourceTree = "<group>"; };
		36669B997FED5162C0E150BC /* ViralTokBalanceProvider.swift */ = {isa = PBXFileReference; lastKnownFileType = sourcecode.swift; path = ViralTokBalanceProvider.swift; sourceTree = "<group>"; };
		3EBB3C6351DCAC5328DC1176 /* AlertChannel.swift */ = {isa = PBXFileReference; lastKnownFileType = sourcecode.swift; path = AlertChannel.swift; sourceTree = "<group>"; };
		42A81C173273B9D42AD654E3 /* BalanceSnapshot.swift */ = {isa = PBXFileReference; lastKnownFileType = sourcecode.swift; path = BalanceSnapshot.swift; sourceTree = "<group>"; };
		480351C99EAE33EC8D12A3D1 /* MiMoBalanceProvider.swift */ = {isa = PBXFileReference; lastKnownFileType = sourcecode.swift; path = MiMoBalanceProvider.swift; sourceTree = "<group>"; };
		49C9281D2CD654099B754765 /* AppIcon.icns */ = {isa = PBXFileReference; lastKnownFileType = image.icns; path = AppIcon.icns; sourceTree = "<group>"; };
		4A45BEB35210C1E5C894D8CB /* NewAPIBalanceProvider.swift */ = {isa = PBXFileReference; lastKnownFileType = sourcecode.swift; path = NewAPIBalanceProvider.swift; sourceTree = "<group>"; };
		4C299590DA907A1C409B8818 /* HTTPClient.swift */ = {isa = PBXFileReference; lastKnownFileType = sourcecode.swift; path = HTTPClient.swift; sourceTree = "<group>"; };
		519D1E55589F026240054991 /* L10n.swift */ = {isa = PBXFileReference; lastKnownFileType = sourcecode.swift; path = L10n.swift; sourceTree = "<group>"; };
		51E8782D402683CD9D05DCD3 /* AlertEvent.swift */ = {isa = PBXFileReference; lastKnownFileType = sourcecode.swift; path = AlertEvent.swift; sourceTree = "<group>"; };
		52B5A932223E0B4A423D6950 /* LaoZhangProviderTests.swift */ = {isa = PBXFileReference; lastKnownFileType = sourcecode.swift; path = LaoZhangProviderTests.swift; sourceTree = "<group>"; };
		52E6BB535A3CCB48BCF86A90 /* VolcengineSigner.swift */ = {isa = PBXFileReference; lastKnownFileType = sourcecode.swift; path = VolcengineSigner.swift; sourceTree = "<group>"; };
		54068C0F70D0DB725981D35D /* BackgroundSystemSection.swift */ = {isa = PBXFileReference; lastKnownFileType = sourcecode.swift; path = BackgroundSystemSection.swift; sourceTree = "<group>"; };
		5604F41C8F665AC5D238CCA3 /* HTTPClientMock.swift */ = {isa = PBXFileReference; lastKnownFileType = sourcecode.swift; path = HTTPClientMock.swift; sourceTree = "<group>"; };
		57E5CA0EAE0ACA963EBABA91 /* ThemeMode.swift */ = {isa = PBXFileReference; lastKnownFileType = sourcecode.swift; path = ThemeMode.swift; sourceTree = "<group>"; };
		5A5EAD2AACF92F7B11858ED3 /* TuistBundle+SmartBalance.swift */ = {isa = PBXFileReference; lastKnownFileType = sourcecode.swift; path = "TuistBundle+SmartBalance.swift"; sourceTree = "<group>"; };
		5E29D907B3D8CA9ED047AFD5 /* AppearanceSettingsCard.swift */ = {isa = PBXFileReference; lastKnownFileType = sourcecode.swift; path = AppearanceSettingsCard.swift; sourceTree = "<group>"; };
		60145F6BD534C3FB05AA116B /* UpdateChecker.swift */ = {isa = PBXFileReference; lastKnownFileType = sourcecode.swift; path = UpdateChecker.swift; sourceTree = "<group>"; };
		60576DDC7BB0B4190A050369 /* DataSourceKind.swift */ = {isa = PBXFileReference; lastKnownFileType = sourcecode.swift; path = DataSourceKind.swift; sourceTree = "<group>"; };
		640B5BC2F9F7EEA57161CE32 /* DataBackupService.swift */ = {isa = PBXFileReference; lastKnownFileType = sourcecode.swift; path = DataBackupService.swift; sourceTree = "<group>"; };
		6D54145CDACB1B1247DD86DB /* AppModel.swift */ = {isa = PBXFileReference; lastKnownFileType = sourcecode.swift; path = AppModel.swift; sourceTree = "<group>"; };
		6F59693BAE84A94FCAB471C3 /* VolcengineProviderTests.swift */ = {isa = PBXFileReference; lastKnownFileType = sourcecode.swift; path = VolcengineProviderTests.swift; sourceTree = "<group>"; };
		7028B7D5A95EEC935637E12A /* InfrastructureTests.xctest */ = {isa = PBXFileReference; explicitFileType = wrapper.cfbundle; includeInIndex = 0; path = InfrastructureTests.xctest; sourceTree = BUILT_PRODUCTS_DIR; };
		714250D3631EFC7BA8A4D3D8 /* Info.plist */ = {isa = PBXFileReference; lastKnownFileType = text.plist; path = Info.plist; sourceTree = "<group>"; };
		75AD07EB3DE4787A4C2FB2C8 /* RefreshInterval.swift */ = {isa = PBXFileReference; lastKnownFileType = sourcecode.swift; path = RefreshInterval.swift; sourceTree = "<group>"; };
		7B4EC80094F1E74FEC790C5C /* DomainTests.xctest */ = {isa = PBXFileReference; explicitFileType = wrapper.cfbundle; includeInIndex = 0; path = DomainTests.xctest; sourceTree = BUILT_PRODUCTS_DIR; };
		7BDF2E45DE4645D3FE9E0814 /* TuistBundle+AppTests.swift */ = {isa = PBXFileReference; lastKnownFileType = sourcecode.swift; path = "TuistBundle+AppTests.swift"; sourceTree = "<group>"; };
		7E427F1E0D5217242359AD78 /* AppTests.xctest */ = {isa = PBXFileReference; explicitFileType = wrapper.cfbundle; includeInIndex = 0; path = AppTests.xctest; sourceTree = BUILT_PRODUCTS_DIR; };
		7FAA58DA22156D7AE9CC04AC /* BalanceSnapshotTests.swift */ = {isa = PBXFileReference; lastKnownFileType = sourcecode.swift; path = BalanceSnapshotTests.swift; sourceTree = "<group>"; };
		8000B5EAF785F837BF7846E6 /* MiMoProviderTests.swift */ = {isa = PBXFileReference; lastKnownFileType = sourcecode.swift; path = MiMoProviderTests.swift; sourceTree = "<group>"; };
		83F145D494EDCB4547269E57 /* AppLog.swift */ = {isa = PBXFileReference; lastKnownFileType = sourcecode.swift; path = AppLog.swift; sourceTree = "<group>"; };
		874A99FADE042A0E1E3D8317 /* PinnedBalanceWindow.swift */ = {isa = PBXFileReference; lastKnownFileType = sourcecode.swift; path = PinnedBalanceWindow.swift; sourceTree = "<group>"; };
		8857AA516D28174E31AC2F95 /* 智余.app */ = {isa = PBXFileReference; explicitFileType = wrapper.application; includeInIndex = 0; path = "智余.app"; sourceTree = BUILT_PRODUCTS_DIR; };
		8870F539D14F573853FD8408 /* SettingsChrome.swift */ = {isa = PBXFileReference; lastKnownFileType = sourcecode.swift; path = SettingsChrome.swift; sourceTree = "<group>"; };
		8BF19645DB4D57FA6949B718 /* entitlements.plist */ = {isa = PBXFileReference; lastKnownFileType = text.plist; path = entitlements.plist; sourceTree = "<group>"; };
		92366B2C08F5A6E3BB58CFE7 /* ProviderRegistry.swift */ = {isa = PBXFileReference; lastKnownFileType = sourcecode.swift; path = ProviderRegistry.swift; sourceTree = "<group>"; };
		9335C8DFE67FB1CBAF966549 /* Assets.xcassets */ = {isa = PBXFileReference; lastKnownFileType = folder.assetcatalog; path = Assets.xcassets; sourceTree = "<group>"; };
		9627086E9C867E333AA891AA /* BalanceProvider.swift */ = {isa = PBXFileReference; lastKnownFileType = sourcecode.swift; path = BalanceProvider.swift; sourceTree = "<group>"; };
		964480BD23406FE27B496D1A /* SMTPClient.swift */ = {isa = PBXFileReference; lastKnownFileType = sourcecode.swift; path = SMTPClient.swift; sourceTree = "<group>"; };
		9CF301DDD63AC22702F76913 /* MacNotificationService.swift */ = {isa = PBXFileReference; lastKnownFileType = sourcecode.swift; path = MacNotificationService.swift; sourceTree = "<group>"; };
		A43CF5F4C7DC6B2FCC7BFB76 /* DMXAPIBalanceProvider.swift */ = {isa = PBXFileReference; lastKnownFileType = sourcecode.swift; path = DMXAPIBalanceProvider.swift; sourceTree = "<group>"; };
		A9CE4C39537DEE121B23206C /* KimiProviderTests.swift */ = {isa = PBXFileReference; lastKnownFileType = sourcecode.swift; path = KimiProviderTests.swift; sourceTree = "<group>"; };
		ABFCFBF55B0BEBE548954682 /* AlertCooldownPolicy.swift */ = {isa = PBXFileReference; lastKnownFileType = sourcecode.swift; path = AlertCooldownPolicy.swift; sourceTree = "<group>"; };
		B92BCD2E0188D6492EAC7395 /* AppLanguage.swift */ = {isa = PBXFileReference; lastKnownFileType = sourcecode.swift; path = AppLanguage.swift; sourceTree = "<group>"; };
		BA9EE2F71455A98947D22665 /* InfrastructureTests-Info.plist */ = {isa = PBXFileReference; lastKnownFileType = text.plist; path = "InfrastructureTests-Info.plist"; sourceTree = "<group>"; };
		BF2BF335BCCB49E9F8CA6AEE /* BalanceAccount.swift */ = {isa = PBXFileReference; lastKnownFileType = sourcecode.swift; path = BalanceAccount.swift; sourceTree = "<group>"; };
		BF5637A3FBDD0924ECEDB43B /* MenuBarStatusItemDriverTests.swift */ = {isa = PBXFileReference; lastKnownFileType = sourcecode.swift; path = MenuBarStatusItemDriverTests.swift; sourceTree = "<group>"; };
		C1457F2F6AF195F4853B3450 /* LaunchAtLogin.swift */ = {isa = PBXFileReference; lastKnownFileType = sourcecode.swift; path = LaunchAtLogin.swift; sourceTree = "<group>"; };
		C4CE1EF4B9D661D8E0EC1540 /* ViralTokProviderTests.swift */ = {isa = PBXFileReference; lastKnownFileType = sourcecode.swift; path = ViralTokProviderTests.swift; sourceTree = "<group>"; };
		C5AAE8EF719BC07AF237A54F /* SMTPSection.swift */ = {isa = PBXFileReference; lastKnownFileType = sourcecode.swift; path = SMTPSection.swift; sourceTree = "<group>"; };
		C5F9141AAB18DF160ABCB945 /* AppDelegate.swift */ = {isa = PBXFileReference; lastKnownFileType = sourcecode.swift; path = AppDelegate.swift; sourceTree = "<group>"; };
		C98A7440BFE1BF9348E6D47F /* SmartBalanceApp.swift */ = {isa = PBXFileReference; lastKnownFileType = sourcecode.swift; path = SmartBalanceApp.swift; sourceTree = "<group>"; };
		CBCEB56E7ED644F6397BE1BC /* AppMotion.swift */ = {isa = PBXFileReference; lastKnownFileType = sourcecode.swift; path = AppMotion.swift; sourceTree = "<group>"; };
		CFF26DFD225E26801BD8B0EA /* SecretMask.swift */ = {isa = PBXFileReference; lastKnownFileType = sourcecode.swift; path = SecretMask.swift; sourceTree = "<group>"; };
		D0649B4E71FD6FE4A52F640C /* BalanceStatus.swift */ = {isa = PBXFileReference; lastKnownFileType = sourcecode.swift; path = BalanceStatus.swift; sourceTree = "<group>"; };
		D0BBDEA08A6FD9F2ABD5703F /* Infrastructure-Info.plist */ = {isa = PBXFileReference; lastKnownFileType = text.plist; path = "Infrastructure-Info.plist"; sourceTree = "<group>"; };
		D5832C78D9AEEFF8EC10897E /* ReleaseDownloader.swift */ = {isa = PBXFileReference; lastKnownFileType = sourcecode.swift; path = ReleaseDownloader.swift; sourceTree = "<group>"; };
		D67797107671E28F484CA2F2 /* SettingsExpandableCard.swift */ = {isa = PBXFileReference; lastKnownFileType = sourcecode.swift; path = SettingsExpandableCard.swift; sourceTree = "<group>"; };
		D87A480F96777DF6FE34FB61 /* ProviderKind.swift */ = {isa = PBXFileReference; lastKnownFileType = sourcecode.swift; path = ProviderKind.swift; sourceTree = "<group>"; };
		D9F5D58A9832B84E82134D05 /* TuistAssets+AppTests.swift */ = {isa = PBXFileReference; lastKnownFileType = sourcecode.swift; path = "TuistAssets+AppTests.swift"; sourceTree = "<group>"; };
		DA1C4B11EB28B7088638D9A2 /* Domain.framework */ = {isa = PBXFileReference; explicitFileType = wrapper.framework; includeInIndex = 0; path = Domain.framework; sourceTree = BUILT_PRODUCTS_DIR; };
		DB1A0C61D85FDE90DD43229F /* APIAccountsSection.swift */ = {isa = PBXFileReference; lastKnownFileType = sourcecode.swift; path = APIAccountsSection.swift; sourceTree = "<group>"; };
		DBEFD3F44F48273CDD717D90 /* Infrastructure.framework */ = {isa = PBXFileReference; explicitFileType = wrapper.framework; includeInIndex = 0; path = Infrastructure.framework; sourceTree = BUILT_PRODUCTS_DIR; };
		DF532DFB5BBC8067BB5820E3 /* AppSettings.swift */ = {isa = PBXFileReference; lastKnownFileType = sourcecode.swift; path = AppSettings.swift; sourceTree = "<group>"; };
		E066952C01B7164AECA2DEF5 /* PinnedOrPopoverChrome.swift */ = {isa = PBXFileReference; lastKnownFileType = sourcecode.swift; path = PinnedOrPopoverChrome.swift; sourceTree = "<group>"; };
		E1231E34AA6D3150E0F35241 /* DMXAPIProviderTests.swift */ = {isa = PBXFileReference; lastKnownFileType = sourcecode.swift; path = DMXAPIProviderTests.swift; sourceTree = "<group>"; };
		E25CDDCD9DA0711BE2EB4147 /* VolcengineBalanceProvider.swift */ = {isa = PBXFileReference; lastKnownFileType = sourcecode.swift; path = VolcengineBalanceProvider.swift; sourceTree = "<group>"; };
		E53937A026F97A996CB2B4C5 /* EmailAlertSettings.swift */ = {isa = PBXFileReference; lastKnownFileType = sourcecode.swift; path = EmailAlertSettings.swift; sourceTree = "<group>"; };
		E74407DA5E51665BE993E53C /* TuistAssets+SmartBalance.swift */ = {isa = PBXFileReference; lastKnownFileType = sourcecode.swift; path = "TuistAssets+SmartBalance.swift"; sourceTree = "<group>"; };
		EA4601AEE6E22E8C68DA45B9 /* KimiBalanceProvider.swift */ = {isa = PBXFileReference; lastKnownFileType = sourcecode.swift; path = KimiBalanceProvider.swift; sourceTree = "<group>"; };
		EAFE355963892C82786059F4 /* Theme.swift */ = {isa = PBXFileReference; lastKnownFileType = sourcecode.swift; path = Theme.swift; sourceTree = "<group>"; };
		EBD25801FF4237FC1E955A84 /* Brand.swift */ = {isa = PBXFileReference; lastKnownFileType = sourcecode.swift; path = Brand.swift; sourceTree = "<group>"; };
		F030FD6912B28D4CF8202858 /* ManualBalanceProvider.swift */ = {isa = PBXFileReference; lastKnownFileType = sourcecode.swift; path = ManualBalanceProvider.swift; sourceTree = "<group>"; };
		F0C21DCA1A2966B716A55E15 /* MenuBarStatusItemDriver.swift */ = {isa = PBXFileReference; lastKnownFileType = sourcecode.swift; path = MenuBarStatusItemDriver.swift; sourceTree = "<group>"; };
		F14B6A6413BB5EA3C5A52AA7 /* OpenRouterProviderTests.swift */ = {isa = PBXFileReference; lastKnownFileType = sourcecode.swift; path = OpenRouterProviderTests.swift; sourceTree = "<group>"; };
		F14EEC0DBA2D4A5DB360FECA /* LanguageSettingsCard.swift */ = {isa = PBXFileReference; lastKnownFileType = sourcecode.swift; path = LanguageSettingsCard.swift; sourceTree = "<group>"; };
		F2EB39095094CE9898ECCA2A /* AlertChannelsSection.swift */ = {isa = PBXFileReference; lastKnownFileType = sourcecode.swift; path = AlertChannelsSection.swift; sourceTree = "<group>"; };
		F3228372433F2ADCE983F36C /* ProviderLogoView.swift */ = {isa = PBXFileReference; lastKnownFileType = sourcecode.swift; path = ProviderLogoView.swift; sourceTree = "<group>"; };
		F342A2116AC420D4A006039D /* BalanceCardView.swift */ = {isa = PBXFileReference; lastKnownFileType = sourcecode.swift; path = BalanceCardView.swift; sourceTree = "<group>"; };
		F71A8BC1881287D18421CB6E /* SMTPProtocolFormattingTests.swift */ = {isa = PBXFileReference; lastKnownFileType = sourcecode.swift; path = SMTPProtocolFormattingTests.swift; sourceTree = "<group>"; };
		F87D9F53CC0C671F1E816FFF /* SettingsRootView.swift */ = {isa = PBXFileReference; lastKnownFileType = sourcecode.swift; path = SettingsRootView.swift; sourceTree = "<group>"; };
		FA9ACE02A8A0C9768B670F33 /* MenuBarExtraAccess.framework */ = {isa = PBXFileReference; explicitFileType = wrapper.framework; includeInIndex = 0; path = MenuBarExtraAccess.framework; sourceTree = BUILT_PRODUCTS_DIR; };
/* End PBXFileReference section */

/* Begin PBXFrameworksBuildPhase section */
		134CA804003D72913B9C7E87 /* Frameworks */ = {
			isa = PBXFrameworksBuildPhase;
			buildActionMask = 2147483647;
			files = (
				FDB9A9FC7B7CE252891F0300 /* Domain.framework in Frameworks */,
				7D14D3AB8FBC04D2879F7EA9 /* Infrastructure.framework in Frameworks */,
			);
			runOnlyForDeploymentPostprocessing = 0;
		};
		42E64490FCAFD305FEB8D25D /* Frameworks */ = {
			isa = PBXFrameworksBuildPhase;
			buildActionMask = 2147483647;
			files = (
				35F64C8CF38DEE2627D76D01 /* Domain.framework in Frameworks */,
			);
			runOnlyForDeploymentPostprocessing = 0;
		};
		76619B01730CE343E53238E7 /* Frameworks */ = {
			isa = PBXFrameworksBuildPhase;
			buildActionMask = 2147483647;
			files = (
			);
			runOnlyForDeploymentPostprocessing = 0;
		};
		77DA0F1CDA5A0359330C326A /* Frameworks */ = {
			isa = PBXFrameworksBuildPhase;
			buildActionMask = 2147483647;
			files = (
			);
			runOnlyForDeploymentPostprocessing = 0;
		};
		B173EF04F4D7791B7BF62C3E /* Frameworks */ = {
			isa = PBXFrameworksBuildPhase;
			buildActionMask = 2147483647;
			files = (
				B282716E841ADC4D94E6A9EA /* Domain.framework in Frameworks */,
				4BAA0A8715D803A4967FA7CB /* Infrastructure.framework in Frameworks */,
				6D4AF8B9FCAD3736E516DD59 /* MenuBarExtraAccess.framework in Frameworks */,
			);
			runOnlyForDeploymentPostprocessing = 0;
		};
		F8C81BBDB747E008A2C5BCBE /* Frameworks */ = {
			isa = PBXFrameworksBuildPhase;
			buildActionMask = 2147483647;
			files = (
			);
			runOnlyForDeploymentPostprocessing = 0;
		};
/* End PBXFrameworksBuildPhase section */

/* Begin PBXGroup section */
		0723A1F9E5CEF28344BAE766 /* Providers */ = {
			isa = PBXGroup;
			children = (
				1C68225513ACAA3DD728D25E /* DeepSeekBalanceProvider.swift */,
				A43CF5F4C7DC6B2FCC7BFB76 /* DMXAPIBalanceProvider.swift */,
				EA4601AEE6E22E8C68DA45B9 /* KimiBalanceProvider.swift */,
				1B8840EBA5FA75BA7D47CC29 /* LaoZhangBalanceProvider.swift */,
				F030FD6912B28D4CF8202858 /* ManualBalanceProvider.swift */,
				480351C99EAE33EC8D12A3D1 /* MiMoBalanceProvider.swift */,
				060CC7A7C5ECD0A6071C3E10 /* MiniMaxBalanceProvider.swift */,
				4A45BEB35210C1E5C894D8CB /* NewAPIBalanceProvider.swift */,
				35EACBEF49880E359E6C73B4 /* OpenRouterBalanceProvider.swift */,
				92366B2C08F5A6E3BB58CFE7 /* ProviderRegistry.swift */,
				063AE39863208258972989DD /* SessionCookieParser.swift */,
				36669B997FED5162C0E150BC /* ViralTokBalanceProvider.swift */,
				E25CDDCD9DA0711BE2EB4147 /* VolcengineBalanceProvider.swift */,
				52E6BB535A3CCB48BCF86A90 /* VolcengineSigner.swift */,
			);
			path = Providers;
			sourceTree = "<group>";
		};
		07D173C6146430D3F849D656 = {
			isa = PBXGroup;
			children = (
				F2E860CF67A827E68AD31970 /* Products */,
				20503955EBE893E80AE7EBAA /* Project */,
			);
			sourceTree = "<group>";
		};
		0D8A59CF1B51BC87A3FDE920 /* Sources */ = {
			isa = PBXGroup;
			children = (
				1DA36707E19FDC88F48BE200 /* App */,
				577DCD8E185A18B30D2A5E12 /* Domain */,
				F6407CAEB3B3322F28F5FF5B /* Infrastructure */,
			);
			path = Sources;
			sourceTree = "<group>";
		};
		0F999E20AA31141E6359410D /* InfoPlists */ = {
			isa = PBXGroup;
			children = (
				1F1894175030E34C1224EE99 /* AppTests-Info.plist */,
				3590E1788835BA90EC6C6A87 /* Domain-Info.plist */,
				06998D7944A06D8515432118 /* DomainTests-Info.plist */,
				D0BBDEA08A6FD9F2ABD5703F /* Infrastructure-Info.plist */,
				BA9EE2F71455A98947D22665 /* InfrastructureTests-Info.plist */,
			);
			path = InfoPlists;
			sourceTree = "<group>";
		};
		12BEBCDB540392337FF16C13 /* Sources */ = {
			isa = PBXGroup;
			children = (
				D9F5D58A9832B84E82134D05 /* TuistAssets+AppTests.swift */,
				E74407DA5E51665BE993E53C /* TuistAssets+SmartBalance.swift */,
				7BDF2E45DE4645D3FE9E0814 /* TuistBundle+AppTests.swift */,
				5A5EAD2AACF92F7B11858ED3 /* TuistBundle+SmartBalance.swift */,
			);
			path = Sources;
			sourceTree = "<group>";
		};
		1DA36707E19FDC88F48BE200 /* App */ = {
			isa = PBXGroup;
			children = (
				F189AFD256CFADB01C894115 /* Localization */,
				FD135B868DABD903E7C816CE /* Resources */,
				7AC388C0365E76E3D8DC7CDC /* Theme */,
				35A3F0218FB863E5DFB5AAD2 /* Views */,
				C5F9141AAB18DF160ABCB945 /* AppDelegate.swift */,
				6D54145CDACB1B1247DD86DB /* AppModel.swift */,
				8BF19645DB4D57FA6949B718 /* entitlements.plist */,
				714250D3631EFC7BA8A4D3D8 /* Info.plist */,
				F0C21DCA1A2966B716A55E15 /* MenuBarStatusItemDriver.swift */,
				874A99FADE042A0E1E3D8317 /* PinnedBalanceWindow.swift */,
				C98A7440BFE1BF9348E6D47F /* SmartBalanceApp.swift */,
				EAFE355963892C82786059F4 /* Theme.swift */,
			);
			path = App;
			sourceTree = "<group>";
		};
		20503955EBE893E80AE7EBAA /* Project */ = {
			isa = PBXGroup;
			children = (
				43D09CB014D1B7C4FF3DA0EC /* Derived */,
				0D8A59CF1B51BC87A3FDE920 /* Sources */,
				49F06EC93D86EC4EC0F89839 /* Tests */,
			);
			name = Project;
			sourceTree = "<group>";
		};
		3407E0B92C0B2FA36C306506 /* InfrastructureTests */ = {
			isa = PBXGroup;
			children = (
				02B6997794C0ABBBFEB02E2A /* DeepSeekProviderTests.swift */,
				E1231E34AA6D3150E0F35241 /* DMXAPIProviderTests.swift */,
				5604F41C8F665AC5D238CCA3 /* HTTPClientMock.swift */,
				A9CE4C39537DEE121B23206C /* KimiProviderTests.swift */,
				52B5A932223E0B4A423D6950 /* LaoZhangProviderTests.swift */,
				8000B5EAF785F837BF7846E6 /* MiMoProviderTests.swift */,
				05B1716E385E5591813DC952 /* MiniMaxProviderTests.swift */,
				152276216B4BABECD8B59ECD /* NewAPIProviderTests.swift */,
				F14B6A6413BB5EA3C5A52AA7 /* OpenRouterProviderTests.swift */,
				098DB837B8BCB02F7EF83AA0 /* ProviderRegistryTests.swift */,
				F71A8BC1881287D18421CB6E /* SMTPProtocolFormattingTests.swift */,
				C4CE1EF4B9D661D8E0EC1540 /* ViralTokProviderTests.swift */,
				6F59693BAE84A94FCAB471C3 /* VolcengineProviderTests.swift */,
			);
			path = InfrastructureTests;
			sourceTree = "<group>";
		};
		35A3F0218FB863E5DFB5AAD2 /* Views */ = {
			isa = PBXGroup;
			children = (
				ED3362BA2D8C4A543E7286DA /* Settings */,
				F342A2116AC420D4A006039D /* BalanceCardView.swift */,
				3597F046B4FAC85DF2C83703 /* HomeView.swift */,
				1F4A673C6ED19EC89A6E61BA /* MenuRootView.swift */,
				E066952C01B7164AECA2DEF5 /* PinnedOrPopoverChrome.swift */,
				F3228372433F2ADCE983F36C /* ProviderLogoView.swift */,
			);
			path = Views;
			sourceTree = "<group>";
		};
		43D09CB014D1B7C4FF3DA0EC /* Derived */ = {
			isa = PBXGroup;
			children = (
				0F999E20AA31141E6359410D /* InfoPlists */,
				12BEBCDB540392337FF16C13 /* Sources */,
			);
			path = Derived;
			sourceTree = "<group>";
		};
		49F06EC93D86EC4EC0F89839 /* Tests */ = {
			isa = PBXGroup;
			children = (
				ECE2C3986F90C207B8B67143 /* AppTests */,
				7CA78A152D71EBCC17E30E5F /* DomainTests */,
				3407E0B92C0B2FA36C306506 /* InfrastructureTests */,
			);
			path = Tests;
			sourceTree = "<group>";
		};
		577DCD8E185A18B30D2A5E12 /* Domain */ = {
			isa = PBXGroup;
			children = (
				3EBB3C6351DCAC5328DC1176 /* AlertChannel.swift */,
				ABFCFBF55B0BEBE548954682 /* AlertCooldownPolicy.swift */,
				51E8782D402683CD9D05DCD3 /* AlertEvent.swift */,
				B92BCD2E0188D6492EAC7395 /* AppLanguage.swift */,
				DF532DFB5BBC8067BB5820E3 /* AppSettings.swift */,
				BF2BF335BCCB49E9F8CA6AEE /* BalanceAccount.swift */,
				9627086E9C867E333AA891AA /* BalanceProvider.swift */,
				42A81C173273B9D42AD654E3 /* BalanceSnapshot.swift */,
				D0649B4E71FD6FE4A52F640C /* BalanceStatus.swift */,
				EBD25801FF4237FC1E955A84 /* Brand.swift */,
				60576DDC7BB0B4190A050369 /* DataSourceKind.swift */,
				E53937A026F97A996CB2B4C5 /* EmailAlertSettings.swift */,
				D87A480F96777DF6FE34FB61 /* ProviderKind.swift */,
				75AD07EB3DE4787A4C2FB2C8 /* RefreshInterval.swift */,
				CFF26DFD225E26801BD8B0EA /* SecretMask.swift */,
				57E5CA0EAE0ACA963EBABA91 /* ThemeMode.swift */,
			);
			path = Domain;
			sourceTree = "<group>";
		};
		7AC388C0365E76E3D8DC7CDC /* Theme */ = {
			isa = PBXGroup;
			children = (
				CBCEB56E7ED644F6397BE1BC /* AppMotion.swift */,
			);
			path = Theme;
			sourceTree = "<group>";
		};
		7CA78A152D71EBCC17E30E5F /* DomainTests */ = {
			isa = PBXGroup;
			children = (
				0801A5A3F027D0D82C06323E /* AlertThresholdTests.swift */,
				7FAA58DA22156D7AE9CC04AC /* BalanceSnapshotTests.swift */,
			);
			path = DomainTests;
			sourceTree = "<group>";
		};
		ECE2C3986F90C207B8B67143 /* AppTests */ = {
			isa = PBXGroup;
			children = (
				BF5637A3FBDD0924ECEDB43B /* MenuBarStatusItemDriverTests.swift */,
			);
			path = AppTests;
			sourceTree = "<group>";
		};
		ED3362BA2D8C4A543E7286DA /* Settings */ = {
			isa = PBXGroup;
			children = (
				F2EB39095094CE9898ECCA2A /* AlertChannelsSection.swift */,
				DB1A0C61D85FDE90DD43229F /* APIAccountsSection.swift */,
				5E29D907B3D8CA9ED047AFD5 /* AppearanceSettingsCard.swift */,
				54068C0F70D0DB725981D35D /* BackgroundSystemSection.swift */,
				F14EEC0DBA2D4A5DB360FECA /* LanguageSettingsCard.swift */,
				1FBEF854F6CBD36CDD96164A /* NestedSettingsCard.swift */,
				8870F539D14F573853FD8408 /* SettingsChrome.swift */,
				D67797107671E28F484CA2F2 /* SettingsExpandableCard.swift */,
				F87D9F53CC0C671F1E816FFF /* SettingsRootView.swift */,
				C5AAE8EF719BC07AF237A54F /* SMTPSection.swift */,
			);
			path = Settings;
			sourceTree = "<group>";
		};
		F189AFD256CFADB01C894115 /* Localization */ = {
			isa = PBXGroup;
			children = (
				519D1E55589F026240054991 /* L10n.swift */,
			);
			path = Localization;
			sourceTree = "<group>";
		};
		F2E860CF67A827E68AD31970 /* Products */ = {
			isa = PBXGroup;
			children = (
				8857AA516D28174E31AC2F95 /* 智余.app */,
				7E427F1E0D5217242359AD78 /* AppTests.xctest */,
				DA1C4B11EB28B7088638D9A2 /* Domain.framework */,
				7B4EC80094F1E74FEC790C5C /* DomainTests.xctest */,
				DBEFD3F44F48273CDD717D90 /* Infrastructure.framework */,
				7028B7D5A95EEC935637E12A /* InfrastructureTests.xctest */,
				FA9ACE02A8A0C9768B670F33 /* MenuBarExtraAccess.framework */,
			);
			name = Products;
			sourceTree = "<group>";
		};
		F6407CAEB3B3322F28F5FF5B /* Infrastructure */ = {
			isa = PBXGroup;
			children = (
				0723A1F9E5CEF28344BAE766 /* Providers */,
				83F145D494EDCB4547269E57 /* AppLog.swift */,
				0936C127D1AF75D376EEE61B /* BalanceService.swift */,
				640B5BC2F9F7EEA57161CE32 /* DataBackupService.swift */,
				4C299590DA907A1C409B8818 /* HTTPClient.swift */,
				C1457F2F6AF195F4853B3450 /* LaunchAtLogin.swift */,
				0DBBCC57E67CE44781B7867D /* LocalSecretStore.swift */,
				9CF301DDD63AC22702F76913 /* MacNotificationService.swift */,
				D5832C78D9AEEFF8EC10897E /* ReleaseDownloader.swift */,
				2FFC3513BBD6A6E55C80AB91 /* SettingsStore.swift */,
				964480BD23406FE27B496D1A /* SMTPClient.swift */,
				60145F6BD534C3FB05AA116B /* UpdateChecker.swift */,
			);
			path = Infrastructure;
			sourceTree = "<group>";
		};
		FD135B868DABD903E7C816CE /* Resources */ = {
			isa = PBXGroup;
			children = (
				49C9281D2CD654099B754765 /* AppIcon.icns */,
				9335C8DFE67FB1CBAF966549 /* Assets.xcassets */,
			);
			path = Resources;
			sourceTree = "<group>";
		};
/* End PBXGroup section */

/* Begin PBXNativeTarget section */
		3750E8F1CDB65C0D71939BC7 /* SmartBalance */ = {
			isa = PBXNativeTarget;
			buildConfigurationList = 2E4C01040121575956664B7D /* Build configuration list for PBXNativeTarget "SmartBalance" */;
			buildPhases = (
				3A3AAE32CEFB95656C737955 /* Sources */,
				2A0001FD18B0B38AEBFD90EB /* Resources */,
				B173EF04F4D7791B7BF62C3E /* Frameworks */,
				87D73574F8F3D87695571220 /* Embed Frameworks */,
			);
			buildRules = (
			);
			dependencies = (
				B55716739804305E7DA347F9 /* PBXTargetDependency */,
				85902D420629E12E6704875F /* PBXTargetDependency */,
			);
			name = SmartBalance;
			packageProductDependencies = (
			);
			productName = SmartBalance;
			productReference = 8857AA516D28174E31AC2F95 /* 智余.app */;
			productType = "com.apple.product-type.application";
		};
		4EB69F8F25660DAB731D40EC /* InfrastructureTests */ = {
			isa = PBXNativeTarget;
			buildConfigurationList = 17786902F381AB0A7D64F247 /* Build configuration list for PBXNativeTarget "InfrastructureTests" */;
			buildPhases = (
				385BABAAD1431FBF95DDED9A /* Sources */,
				8A4CFF8F883E3F652C328600 /* Resources */,
				134CA804003D72913B9C7E87 /* Frameworks */,
				68AE34E29ECF44BDE449B83F /* Embed Frameworks */,
			);
			buildRules = (
			);
			dependencies = (
				8ADED6FE5D5CFFB1A84A07A4 /* PBXTargetDependency */,
				4C8B11B0613D03DBDA8C7D34 /* PBXTargetDependency */,
			);
			name = InfrastructureTests;
			packageProductDependencies = (
			);
			productName = InfrastructureTests;
			productReference = 7028B7D5A95EEC935637E12A /* InfrastructureTests.xctest */;
			productType = "com.apple.product-type.bundle.unit-test";
		};
		7E593677A38220BD5DC453AD /* Infrastructure */ = {
			isa = PBXNativeTarget;
			buildConfigurationList = C80B956D3941DFD8F47D957F /* Build configuration list for PBXNativeTarget "Infrastructure" */;
			buildPhases = (
				4BF34A53D0B892CFE3A51B55 /* Sources */,
				C6DE3E1CA44C04BA6587AE79 /* Resources */,
				76619B01730CE343E53238E7 /* Frameworks */,
				E8A665470EFEEC4F43F34F5E /* Embed Frameworks */,
				3108B056E4CF65E7AC3DA6D0 /* Dependencies */,
			);
			buildRules = (
			);
			dependencies = (
				C1DD68FC48258E004BD0E073 /* PBXTargetDependency */,
			);
			name = Infrastructure;
			packageProductDependencies = (
			);
			productName = Infrastructure;
			productReference = DBEFD3F44F48273CDD717D90 /* Infrastructure.framework */;
			productType = "com.apple.product-type.framework";
		};
		B348163E19B0F8B137F05945 /* DomainTests */ = {
			isa = PBXNativeTarget;
			buildConfigurationList = C9AC85AD4A56BD14FB0BB489 /* Build configuration list for PBXNativeTarget "DomainTests" */;
			buildPhases = (
				D853BBA3E5A242EF2367596A /* Sources */,
				02F00CD6D0D84698C2E08350 /* Resources */,
				42E64490FCAFD305FEB8D25D /* Frameworks */,
				1E10B6CAE0A5BC965BC7A1F6 /* Embed Frameworks */,
			);
			buildRules = (
			);
			dependencies = (
				B05F53BEE233D8EBDC2D9551 /* PBXTargetDependency */,
			);
			name = DomainTests;
			packageProductDependencies = (
			);
			productName = DomainTests;
			productReference = 7B4EC80094F1E74FEC790C5C /* DomainTests.xctest */;
			productType = "com.apple.product-type.bundle.unit-test";
		};
		E57F25F94BD425DCC8066FB6 /* Domain */ = {
			isa = PBXNativeTarget;
			buildConfigurationList = 4444E0AE4BE995B1191E4454 /* Build configuration list for PBXNativeTarget "Domain" */;
			buildPhases = (
				6AC532D45AB8785B9CEA9D2C /* Sources */,
				3C750D0C86EDA01E3FBC3984 /* Resources */,
				77DA0F1CDA5A0359330C326A /* Frameworks */,
				7A648D2BDBC23DF958D52B98 /* Embed Frameworks */,
			);
			buildRules = (
			);
			dependencies = (
			);
			name = Domain;
			packageProductDependencies = (
			);
			productName = Domain;
			productReference = DA1C4B11EB28B7088638D9A2 /* Domain.framework */;
			productType = "com.apple.product-type.framework";
		};
		F23D2001C002FE61F7F9783D /* AppTests */ = {
			isa = PBXNativeTarget;
			buildConfigurationList = 2B785E327E279EEDB9A9A67A /* Build configuration list for PBXNativeTarget "AppTests" */;
			buildPhases = (
				EAADEF4D8EB6F01F1052DAB8 /* Sources */,
				A56EAED80812404CE4370A30 /* Resources */,
				F8C81BBDB747E008A2C5BCBE /* Frameworks */,
				9846D848CCD5ECFB97B298B8 /* Embed Frameworks */,
			);
			buildRules = (
			);
			dependencies = (
			);
			name = AppTests;
			packageProductDependencies = (
			);
			productName = AppTests;
			productReference = 7E427F1E0D5217242359AD78 /* AppTests.xctest */;
			productType = "com.apple.product-type.bundle.unit-test";
		};
/* End PBXNativeTarget section */

/* Begin PBXProject section */
		5AFCC80BD97D1B75DA888207 /* Project object */ = {
			isa = PBXProject;
			attributes = {
				BuildIndependentTargetsInParallel = YES;
				TargetAttributes = {
				};
			};
			buildConfigurationList = 79A1BACC0D8764B483AB811A /* Build configuration list for PBXProject "SmartBalance" */;
			compatibilityVersion = "Xcode 14.0";
			developmentRegion = "zh-Hans";
			hasScannedForEncodings = 0;
			knownRegions = (
				en,
				"zh-Hans",
			);
			mainGroup = 07D173C6146430D3F849D656;
			productRefGroup = F2E860CF67A827E68AD31970 /* Products */;
			projectDirPath = "";
			projectRoot = "";
			targets = (
				F23D2001C002FE61F7F9783D /* AppTests */,
				E57F25F94BD425DCC8066FB6 /* Domain */,
				B348163E19B0F8B137F05945 /* DomainTests */,
				7E593677A38220BD5DC453AD /* Infrastructure */,
				4EB69F8F25660DAB731D40EC /* InfrastructureTests */,
				3750E8F1CDB65C0D71939BC7 /* SmartBalance */,
			);
		};
/* End PBXProject section */

/* Begin PBXResourcesBuildPhase section */
		02F00CD6D0D84698C2E08350 /* Resources */ = {
			isa = PBXResourcesBuildPhase;
			buildActionMask = 2147483647;
			files = (
			);
			runOnlyForDeploymentPostprocessing = 0;
		};
		2A0001FD18B0B38AEBFD90EB /* Resources */ = {
			isa = PBXResourcesBuildPhase;
			buildActionMask = 2147483647;
			files = (
				433EA782CEF1F5085D7B8318 /* AppIcon.icns in Resources */,
				D9AE0F7F4BCE39BAB8A44CFF /* Assets.xcassets in Resources */,
			);
			runOnlyForDeploymentPostprocessing = 0;
		};
		3C750D0C86EDA01E3FBC3984 /* Resources */ = {
			isa = PBXResourcesBuildPhase;
			buildActionMask = 2147483647;
			files = (
			);
			runOnlyForDeploymentPostprocessing = 0;
		};
		8A4CFF8F883E3F652C328600 /* Resources */ = {
			isa = PBXResourcesBuildPhase;
			buildActionMask = 2147483647;
			files = (
			);
			runOnlyForDeploymentPostprocessing = 0;
		};
		A56EAED80812404CE4370A30 /* Resources */ = {
			isa = PBXResourcesBuildPhase;
			buildActionMask = 2147483647;
			files = (
				64888127842C1932291B525D /* AppIcon.icns in Resources */,
				43BCB6863440CFC363B1A718 /* Assets.xcassets in Resources */,
			);
			runOnlyForDeploymentPostprocessing = 0;
		};
		C6DE3E1CA44C04BA6587AE79 /* Resources */ = {
			isa = PBXResourcesBuildPhase;
			buildActionMask = 2147483647;
			files = (
			);
			runOnlyForDeploymentPostprocessing = 0;
		};
/* End PBXResourcesBuildPhase section */

/* Begin PBXSourcesBuildPhase section */
		385BABAAD1431FBF95DDED9A /* Sources */ = {
			isa = PBXSourcesBuildPhase;
			buildActionMask = 2147483647;
			files = (
				0B9377EC164F3672E419D839 /* DMXAPIProviderTests.swift in Sources */,
				DD64CD5BF5E6DADC4608EACD /* DeepSeekProviderTests.swift in Sources */,
				B9BB96A8E86CD80043FBF011 /* HTTPClientMock.swift in Sources */,
				39D5E9D5A606C3EDEF337FE3 /* KimiProviderTests.swift in Sources */,
				2C5CE599258DD64465E17522 /* LaoZhangProviderTests.swift in Sources */,
				0F220079E772F8EF9043A268 /* MiMoProviderTests.swift in Sources */,
				A2F5302BA6B63359FA3F6F59 /* MiniMaxProviderTests.swift in Sources */,
				1BF6C674F693423CE0EE54FE /* NewAPIProviderTests.swift in Sources */,
				EA65F5255DE4A15AD0445367 /* OpenRouterProviderTests.swift in Sources */,
				3F2EDADEF54805F8D0312B24 /* ProviderRegistryTests.swift in Sources */,
				A2B0652DED11DF8B1706113F /* SMTPProtocolFormattingTests.swift in Sources */,
				E8D6FAB1FBD1EC0A81D4353B /* ViralTokProviderTests.swift in Sources */,
				0E9115E3FED9E36F635C7D25 /* VolcengineProviderTests.swift in Sources */,
			);
			runOnlyForDeploymentPostprocessing = 0;
		};
		3A3AAE32CEFB95656C737955 /* Sources */ = {
			isa = PBXSourcesBuildPhase;
			buildActionMask = 2147483647;
			files = (
				5E40934CEE7455A0BCDF47D3 /* TuistAssets+SmartBalance.swift in Sources */,
				5EA0691D6B1E3C6F2560DE04 /* TuistBundle+SmartBalance.swift in Sources */,
				0AEA4C40DCB52374868F67AD /* AppDelegate.swift in Sources */,
				74B4CBF8F02D3B3B5852876F /* AppModel.swift in Sources */,
				AAAD866D367B2FBAA75F22FC /* L10n.swift in Sources */,
				A9387960F89BD6A1A716DDF6 /* MenuBarStatusItemDriver.swift in Sources */,
				F41BDA821A1D7689B8343B53 /* PinnedBalanceWindow.swift in Sources */,
				98782C024CF48DBB2D1D293A /* SmartBalanceApp.swift in Sources */,
				10AB940428A80FC7E6D8AEA7 /* Theme.swift in Sources */,
				80E36DB75A4C17E94D1F7EF6 /* AppMotion.swift in Sources */,
				0B3AA4CB9581C6467F9C2C05 /* BalanceCardView.swift in Sources */,
				48083B0B448C8941D61125DD /* HomeView.swift in Sources */,
				C219449F406EA8F47682EE1D /* MenuRootView.swift in Sources */,
				83635A4BA43B921BA8A0C467 /* PinnedOrPopoverChrome.swift in Sources */,
				7079128490458FFAA6F3668D /* ProviderLogoView.swift in Sources */,
				95136C9195F18EC2B724C610 /* APIAccountsSection.swift in Sources */,
				ED1546818E0A00C3649B46F4 /* AlertChannelsSection.swift in Sources */,
				03DC753BA3A451F9726FF7A1 /* AppearanceSettingsCard.swift in Sources */,
				189947535EEB147F21BBC9AA /* BackgroundSystemSection.swift in Sources */,
				3BE8B92353DD1E25551F5BD3 /* LanguageSettingsCard.swift in Sources */,
				29B0D85E83F41F6F6DB21D59 /* NestedSettingsCard.swift in Sources */,
				1C3BC9240B8AF6642F31DD43 /* SMTPSection.swift in Sources */,
				DEB257278157844EE997587C /* SettingsChrome.swift in Sources */,
				0B6178146159F40E7FEC142D /* SettingsExpandableCard.swift in Sources */,
				1818A3A4E7418396BD2F8B1A /* SettingsRootView.swift in Sources */,
			);
			runOnlyForDeploymentPostprocessing = 0;
		};
		4BF34A53D0B892CFE3A51B55 /* Sources */ = {
			isa = PBXSourcesBuildPhase;
			buildActionMask = 2147483647;
			files = (
				2770DF8C5D975AC370E66103 /* AppLog.swift in Sources */,
				15C3C08533FDE9713C2EBA90 /* BalanceService.swift in Sources */,
				770DD6DE0217DB75050D1B4D /* DataBackupService.swift in Sources */,
				8706E9E1FB4DC8251D8EEFDC /* HTTPClient.swift in Sources */,
				3F4F6534B5564484A9ADEE4F /* LaunchAtLogin.swift in Sources */,
				85590F0DDE8532CFF8C7C120 /* LocalSecretStore.swift in Sources */,
				78717D74C908178226904FF3 /* MacNotificationService.swift in Sources */,
				CEAFD0F3A1559BF61519B0C3 /* DMXAPIBalanceProvider.swift in Sources */,
				30C124ED4BE4AD7533880697 /* DeepSeekBalanceProvider.swift in Sources */,
				02610ACC217416C78DFBFD98 /* KimiBalanceProvider.swift in Sources */,
				43FA15EFD5C239EC1293B1AA /* LaoZhangBalanceProvider.swift in Sources */,
				677B39AF0161D48035607CB3 /* ManualBalanceProvider.swift in Sources */,
				67AF1964A6042820EF0DF7ED /* MiMoBalanceProvider.swift in Sources */,
				B920E4E0F76A20E95C77560B /* MiniMaxBalanceProvider.swift in Sources */,
				99AB8EFFCD4ECDF70BC7E02D /* NewAPIBalanceProvider.swift in Sources */,
				0F9C5C27CE4AF3EC4E9142DF /* OpenRouterBalanceProvider.swift in Sources */,
				B16146F7DA60CD6B021F3168 /* ProviderRegistry.swift in Sources */,
				571AD238F266A7BED9532964 /* SessionCookieParser.swift in Sources */,
				8541753C4192F59AC907A724 /* ViralTokBalanceProvider.swift in Sources */,
				EE31A900C3FA17FCB8997FCE /* VolcengineBalanceProvider.swift in Sources */,
				1DBE74EAD98F03A728A60356 /* VolcengineSigner.swift in Sources */,
				DAC24879E42C6658477B877C /* ReleaseDownloader.swift in Sources */,
				FE13F8A8238A78BF04941E6E /* SMTPClient.swift in Sources */,
				062469C0F777D8C8034128AE /* SettingsStore.swift in Sources */,
				3365F84CE12D56E8CBEE1A88 /* UpdateChecker.swift in Sources */,
			);
			runOnlyForDeploymentPostprocessing = 0;
		};
		6AC532D45AB8785B9CEA9D2C /* Sources */ = {
			isa = PBXSourcesBuildPhase;
			buildActionMask = 2147483647;
			files = (
				31B6677798723C88070A22A4 /* AlertChannel.swift in Sources */,
				A8FA5ADCF09D35D303D9085E /* AlertCooldownPolicy.swift in Sources */,
				65400FAC4FBCD13B396D562B /* AlertEvent.swift in Sources */,
				E2527499AD2C162A25D45195 /* AppLanguage.swift in Sources */,
				8B55AF3AD4CB1E79208DED0B /* AppSettings.swift in Sources */,
				331811AC02FB4901970E00FE /* BalanceAccount.swift in Sources */,
				38FD910AB0D1FE33446A6B66 /* BalanceProvider.swift in Sources */,
				F408E4378A848785F458910E /* BalanceSnapshot.swift in Sources */,
				13B3AEE24A30E624FA8815F3 /* BalanceStatus.swift in Sources */,
				C1B13A2490B2E5937B432DE0 /* Brand.swift in Sources */,
				72D529F018D6AB152FCBFD25 /* DataSourceKind.swift in Sources */,
				2DF3BF0A55F38A3AE02060F2 /* EmailAlertSettings.swift in Sources */,
				CD1406BB8CB3E7BAD20F67D2 /* ProviderKind.swift in Sources */,
				ADAF4835382D8D9EE56609B7 /* RefreshInterval.swift in Sources */,
				E30EFB57A9D82D64D408757F /* SecretMask.swift in Sources */,
				236D73C099F018E767F9D57E /* ThemeMode.swift in Sources */,
			);
			runOnlyForDeploymentPostprocessing = 0;
		};
		D853BBA3E5A242EF2367596A /* Sources */ = {
			isa = PBXSourcesBuildPhase;
			buildActionMask = 2147483647;
			files = (
				D7CC7D7BEB36002C15517110 /* AlertThresholdTests.swift in Sources */,
				77335B024B0CF649A57E5FB7 /* BalanceSnapshotTests.swift in Sources */,
			);
			runOnlyForDeploymentPostprocessing = 0;
		};
		EAADEF4D8EB6F01F1052DAB8 /* Sources */ = {
			isa = PBXSourcesBuildPhase;
			buildActionMask = 2147483647;
			files = (
				3EBDB0905CB22903179191C2 /* TuistAssets+AppTests.swift in Sources */,
				E019C035637318750622C4AC /* TuistBundle+AppTests.swift in Sources */,
				2F2D90FB5C8D3D2DA2871D82 /* MenuBarStatusItemDriver.swift in Sources */,
				AEDC07174D7D3354AC55C76B /* MenuBarStatusItemDriverTests.swift in Sources */,
			);
			runOnlyForDeploymentPostprocessing = 0;
		};
/* End PBXSourcesBuildPhase section */

/* Begin PBXTargetDependency section */
		4C8B11B0613D03DBDA8C7D34 /* PBXTargetDependency */ = {
			isa = PBXTargetDependency;
			name = Infrastructure;
			target = 7E593677A38220BD5DC453AD /* Infrastructure */;
			targetProxy = 5781C882F8960DF837EF576A /* PBXContainerItemProxy */;
		};
		85902D420629E12E6704875F /* PBXTargetDependency */ = {
			isa = PBXTargetDependency;
			name = Infrastructure;
			target = 7E593677A38220BD5DC453AD /* Infrastructure */;
			targetProxy = 53DB45B425C785C7631B3943 /* PBXContainerItemProxy */;
		};
		8ADED6FE5D5CFFB1A84A07A4 /* PBXTargetDependency */ = {
			isa = PBXTargetDependency;
			name = Domain;
			target = E57F25F94BD425DCC8066FB6 /* Domain */;
			targetProxy = 04D287EB1DBD26912C37223C /* PBXContainerItemProxy */;
		};
		B05F53BEE233D8EBDC2D9551 /* PBXTargetDependency */ = {
			isa = PBXTargetDependency;
			name = Domain;
			target = E57F25F94BD425DCC8066FB6 /* Domain */;
			targetProxy = 961D27C9C226582103399534 /* PBXContainerItemProxy */;
		};
		B55716739804305E7DA347F9 /* PBXTargetDependency */ = {
			isa = PBXTargetDependency;
			name = Domain;
			target = E57F25F94BD425DCC8066FB6 /* Domain */;
			targetProxy = 4257946252AB4B8C7CE46C4A /* PBXContainerItemProxy */;
		};
		C1DD68FC48258E004BD0E073 /* PBXTargetDependency */ = {
			isa = PBXTargetDependency;
			name = Domain;
			target = E57F25F94BD425DCC8066FB6 /* Domain */;
			targetProxy = E9EAE3372859886BB5611C01 /* PBXContainerItemProxy */;
		};
/* End PBXTargetDependency section */

/* Begin XCBuildConfiguration section */
		02202B26991BF50DC7160FAC /* Release */ = {
			isa = XCBuildConfiguration;
			buildSettings = {
				CODE_SIGN_IDENTITY = "";
				COMBINE_HIDPI_IMAGES = YES;
				CURRENT_PROJECT_VERSION = 1;
				DEFINES_MODULE = YES;
				DYLIB_COMPATIBILITY_VERSION = 1;
				DYLIB_CURRENT_VERSION = 1;
				DYLIB_INSTALL_NAME_BASE = "@rpath";
				FRAMEWORK_VERSION = A;
				INFOPLIST_FILE = "Derived/InfoPlists/Domain-Info.plist";
				INSTALL_PATH = "$(LOCAL_LIBRARY_DIR)/Frameworks";
				LD_RUNPATH_SEARCH_PATHS = (
					"$(inherited)",
					"@executable_path/../Frameworks",
					"@loader_path/../Frameworks",
				);
				MACH_O_TYPE = staticlib;
				MACOSX_DEPLOYMENT_TARGET = 15.0;
				PRODUCT_BUNDLE_IDENTIFIER = com.smartbalance.domain;
				PRODUCT_NAME = Domain;
				SDKROOT = macosx;
				SKIP_INSTALL = YES;
				SWIFT_COMPILATION_MODE = wholemodule;
				SWIFT_OPTIMIZATION_LEVEL = "-O";
				SWIFT_STRICT_CONCURRENCY = complete;
				VERSIONING_SYSTEM = "apple-generic";
				VERSION_INFO_PREFIX = "";
			};
			name = Release;
		};
		042888FD4A1981573774788C /* Debug */ = {
			isa = XCBuildConfiguration;
			buildSettings = {
				CODE_SIGN_IDENTITY = "";
				COMBINE_HIDPI_IMAGES = YES;
				CURRENT_PROJECT_VERSION = 1;
				DEFINES_MODULE = YES;
				DYLIB_COMPATIBILITY_VERSION = 1;
				DYLIB_CURRENT_VERSION = 1;
				DYLIB_INSTALL_NAME_BASE = "@rpath";
				FRAMEWORK_VERSION = A;
				INFOPLIST_FILE = "Derived/InfoPlists/Infrastructure-Info.plist";
				INSTALL_PATH = "$(LOCAL_LIBRARY_DIR)/Frameworks";
				LD_RUNPATH_SEARCH_PATHS = (
					"$(inherited)",
					"@executable_path/../Frameworks",
					"@loader_path/../Frameworks",
				);
				MACH_O_TYPE = staticlib;
				MACOSX_DEPLOYMENT_TARGET = 15.0;
				PRODUCT_BUNDLE_IDENTIFIER = com.smartbalance.infrastructure;
				PRODUCT_NAME = Infrastructure;
				SDKROOT = macosx;
				SKIP_INSTALL = YES;
				SWIFT_ACTIVE_COMPILATION_CONDITIONS = (
					"$(inherited)",
					DEBUG,
				);
				SWIFT_COMPILATION_MODE = singlefile;
				SWIFT_OPTIMIZATION_LEVEL = "-Onone";
				SWIFT_STRICT_CONCURRENCY = complete;
				VERSIONING_SYSTEM = "apple-generic";
				VERSION_INFO_PREFIX = "";
			};
			name = Debug;
		};
		10EC3D68A22D39EA9763F4BB /* Debug */ = {
			isa = XCBuildConfiguration;
			buildSettings = {
				CODE_SIGN_IDENTITY = "-";
				INFOPLIST_FILE = "Derived/InfoPlists/AppTests-Info.plist";
				LD_RUNPATH_SEARCH_PATHS = (
					"$(inherited)",
					"@executable_path/../Frameworks",
					"@loader_path/../Frameworks",
				);
				MACOSX_DEPLOYMENT_TARGET = 15.0;
				OTHER_LDFLAGS = (
					"$(inherited)",
					"-L$(DT_TOOLCHAIN_DIR)/usr/lib/swift/$(PLATFORM_NAME)",
				);
				PRODUCT_BUNDLE_IDENTIFIER = "com.smartbalance.app-tests";
				PRODUCT_NAME = AppTests;
				SDKROOT = macosx;
				SWIFT_ACTIVE_COMPILATION_CONDITIONS = (
					"$(inherited)",
					DEBUG,
				);
				SWIFT_COMPILATION_MODE = singlefile;
				SWIFT_OPTIMIZATION_LEVEL = "-Onone";
			};
			name = Debug;
		};
		19F6C457C4DE4748825A9F74 /* Debug */ = {
			isa = XCBuildConfiguration;
			buildSettings = {
				ALWAYS_SEARCH_USER_PATHS = NO;
				CLANG_ANALYZER_LOCALIZABILITY_NONLOCALIZED = YES;
				CLANG_ANALYZER_NONNULL = YES;
				CLANG_ANALYZER_NUMBER_OBJECT_CONVERSION = YES_AGGRESSIVE;
				CLANG_CXX_LANGUAGE_STANDARD = "gnu++14";
				CLANG_CXX_LIBRARY = "libc++";
				CLANG_ENABLE_MODULES = YES;
				CLANG_ENABLE_OBJC_ARC = YES;
				CLANG_ENABLE_OBJC_WEAK = YES;
				CLANG_WARN_BLOCK_CAPTURE_AUTORELEASING = YES;
				CLANG_WARN_BOOL_CONVERSION = YES;
				CLANG_WARN_COMMA = YES;
				CLANG_WARN_CONSTANT_CONVERSION = YES;
				CLANG_WARN_DEPRECATED_OBJC_IMPLEMENTATIONS = YES;
				CLANG_WARN_DIRECT_OBJC_ISA_USAGE = YES_ERROR;
				CLANG_WARN_DOCUMENTATION_COMMENTS = YES;
				CLANG_WARN_EMPTY_BODY = YES;
				CLANG_WARN_ENUM_CONVERSION = YES;
				CLANG_WARN_INFINITE_RECURSION = YES;
				CLANG_WARN_INT_CONVERSION = YES;
				CLANG_WARN_NON_LITERAL_NULL_CONVERSION = YES;
				CLANG_WARN_OBJC_IMPLICIT_RETAIN_SELF = YES;
				CLANG_WARN_OBJC_LITERAL_CONVERSION = YES;
				CLANG_WARN_OBJC_ROOT_CLASS = YES_ERROR;
				CLANG_WARN_QUOTED_INCLUDE_IN_FRAMEWORK_HEADER = YES;
				CLANG_WARN_RANGE_LOOP_ANALYSIS = YES;
				CLANG_WARN_STRICT_PROTOTYPES = YES;
				CLANG_WARN_SUSPICIOUS_MOVE = YES;
				CLANG_WARN_UNGUARDED_AVAILABILITY = YES_AGGRESSIVE;
				CLANG_WARN_UNREACHABLE_CODE = YES;
				CLANG_WARN__DUPLICATE_METHOD_MATCH = YES;
				COPY_PHASE_STRIP = NO;
				DEAD_CODE_STRIPPING = YES;
				DEBUG_INFORMATION_FORMAT = dwarf;
				ENABLE_DEBUG_DYLIB = YES;
				ENABLE_STRICT_OBJC_MSGSEND = YES;
				ENABLE_TESTABILITY = YES;
				GCC_C_LANGUAGE_STANDARD = gnu11;
				GCC_DYNAMIC_NO_PIC = NO;
				GCC_NO_COMMON_BLOCKS = YES;
				GCC_OPTIMIZATION_LEVEL = 0;
				GCC_PREPROCESSOR_DEFINITIONS = (
					"DEBUG=1",
					"$(inherited)",
				);
				GCC_WARN_64_TO_32_BIT_CONVERSION = YES;
				GCC_WARN_ABOUT_RETURN_TYPE = YES_ERROR;
				GCC_WARN_UNDECLARED_SELECTOR = YES;
				GCC_WARN_UNINITIALIZED_AUTOS = YES_AGGRESSIVE;
				GCC_WARN_UNUSED_FUNCTION = YES;
				GCC_WARN_UNUSED_VARIABLE = YES;
				MACOSX_DEPLOYMENT_TARGET = 15.0;
				MTL_ENABLE_DEBUG_INFO = YES;
				ONLY_ACTIVE_ARCH = YES;
				PRODUCT_NAME = "$(TARGET_NAME)";
				SWIFT_ACTIVE_COMPILATION_CONDITIONS = DEBUG;
				SWIFT_VERSION = 6.0;
			};
			name = Debug;
		};
		219C786267BDC89DA59EB3EE /* Release */ = {
			isa = XCBuildConfiguration;
			buildSettings = {
				CODE_SIGN_IDENTITY = "-";
				INFOPLIST_FILE = "Derived/InfoPlists/AppTests-Info.plist";
				LD_RUNPATH_SEARCH_PATHS = (
					"$(inherited)",
					"@executable_path/../Frameworks",
					"@loader_path/../Frameworks",
				);
				MACOSX_DEPLOYMENT_TARGET = 15.0;
				OTHER_LDFLAGS = (
					"$(inherited)",
					"-L$(DT_TOOLCHAIN_DIR)/usr/lib/swift/$(PLATFORM_NAME)",
				);
				PRODUCT_BUNDLE_IDENTIFIER = "com.smartbalance.app-tests";
				PRODUCT_NAME = AppTests;
				SDKROOT = macosx;
				SWIFT_COMPILATION_MODE = wholemodule;
				SWIFT_OPTIMIZATION_LEVEL = "-O";
			};
			name = Release;
		};
		2927BB97B467D016194AE5C9 /* Release */ = {
			isa = XCBuildConfiguration;
			buildSettings = {
				ASSETCATALOG_COMPILER_APPICON_NAME = AppIcon;
				ASSETCATALOG_COMPILER_GLOBAL_ACCENT_COLOR_NAME = AccentColor;
				CODE_SIGNING_ALLOWED = YES;
				CODE_SIGN_ENTITLEMENTS = Sources/App/entitlements.plist;
				CODE_SIGN_IDENTITY = "-";
				COMBINE_HIDPI_IMAGES = YES;
				ENABLE_DEBUG_DYLIB = NO;
				ENABLE_PREVIEWS = NO;
				INFOPLIST_FILE = Sources/App/Info.plist;
				INFOPLIST_KEY_LSApplicationCategoryType = "public.app-category.utilities";
				INFOPLIST_KEY_LSUIElement = YES;
				LD_RUNPATH_SEARCH_PATHS = (
					"$(inherited)",
					"@executable_path/../Frameworks",
				);
				MACOSX_DEPLOYMENT_TARGET = 15.0;
				OTHER_LDFLAGS = (
					"$(inherited)",
					"-L$(DT_TOOLCHAIN_DIR)/usr/lib/swift/$(PLATFORM_NAME)",
				);
				PRODUCT_BUNDLE_IDENTIFIER = com.smartbalance.zhiyu;
				PRODUCT_NAME = "智余";
				SDKROOT = macosx;
				SWIFT_COMPILATION_MODE = wholemodule;
				SWIFT_OPTIMIZATION_LEVEL = "-O";
				SWIFT_STRICT_CONCURRENCY = complete;
			};
			name = Release;
		};
		49F12CABA49619C43CC2E015 /* Debug */ = {
			isa = XCBuildConfiguration;
			buildSettings = {
				CODE_SIGN_IDENTITY = "";
				COMBINE_HIDPI_IMAGES = YES;
				CURRENT_PROJECT_VERSION = 1;
				DEFINES_MODULE = YES;
				DYLIB_COMPATIBILITY_VERSION = 1;
				DYLIB_CURRENT_VERSION = 1;
				DYLIB_INSTALL_NAME_BASE = "@rpath";
				FRAMEWORK_VERSION = A;
				INFOPLIST_FILE = "Derived/InfoPlists/Domain-Info.plist";
				INSTALL_PATH = "$(LOCAL_LIBRARY_DIR)/Frameworks";
				LD_RUNPATH_SEARCH_PATHS = (
					"$(inherited)",
					"@executable_path/../Frameworks",
					"@loader_path/../Frameworks",
				);
				MACH_O_TYPE = staticlib;
				MACOSX_DEPLOYMENT_TARGET = 15.0;
				PRODUCT_BUNDLE_IDENTIFIER = com.smartbalance.domain;
				PRODUCT_NAME = Domain;
				SDKROOT = macosx;
				SKIP_INSTALL = YES;
				SWIFT_ACTIVE_COMPILATION_CONDITIONS = (
					"$(inherited)",
					DEBUG,
				);
				SWIFT_COMPILATION_MODE = singlefile;
				SWIFT_OPTIMIZATION_LEVEL = "-Onone";
				SWIFT_STRICT_CONCURRENCY = complete;
				VERSIONING_SYSTEM = "apple-generic";
				VERSION_INFO_PREFIX = "";
			};
			name = Debug;
		};
		7DF79B2577191B45A351B133 /* Release */ = {
			isa = XCBuildConfiguration;
			buildSettings = {
				CODE_SIGN_IDENTITY = "-";
				INFOPLIST_FILE = "Derived/InfoPlists/DomainTests-Info.plist";
				LD_RUNPATH_SEARCH_PATHS = (
					"$(inherited)",
					"@executable_path/../Frameworks",
					"@loader_path/../Frameworks",
				);
				MACOSX_DEPLOYMENT_TARGET = 15.0;
				OTHER_LDFLAGS = (
					"$(inherited)",
					"-L$(DT_TOOLCHAIN_DIR)/usr/lib/swift/$(PLATFORM_NAME)",
				);
				PRODUCT_BUNDLE_IDENTIFIER = "com.smartbalance.domain-tests";
				PRODUCT_NAME = DomainTests;
				SDKROOT = macosx;
				SWIFT_COMPILATION_MODE = wholemodule;
				SWIFT_OPTIMIZATION_LEVEL = "-O";
			};
			name = Release;
		};
		9117BC4B8E6EDE62C8069531 /* Release */ = {
			isa = XCBuildConfiguration;
			buildSettings = {
				CODE_SIGN_IDENTITY = "";
				COMBINE_HIDPI_IMAGES = YES;
				CURRENT_PROJECT_VERSION = 1;
				DEFINES_MODULE = YES;
				DYLIB_COMPATIBILITY_VERSION = 1;
				DYLIB_CURRENT_VERSION = 1;
				DYLIB_INSTALL_NAME_BASE = "@rpath";
				FRAMEWORK_VERSION = A;
				INFOPLIST_FILE = "Derived/InfoPlists/Infrastructure-Info.plist";
				INSTALL_PATH = "$(LOCAL_LIBRARY_DIR)/Frameworks";
				LD_RUNPATH_SEARCH_PATHS = (
					"$(inherited)",
					"@executable_path/../Frameworks",
					"@loader_path/../Frameworks",
				);
				MACH_O_TYPE = staticlib;
				MACOSX_DEPLOYMENT_TARGET = 15.0;
				PRODUCT_BUNDLE_IDENTIFIER = com.smartbalance.infrastructure;
				PRODUCT_NAME = Infrastructure;
				SDKROOT = macosx;
				SKIP_INSTALL = YES;
				SWIFT_COMPILATION_MODE = wholemodule;
				SWIFT_OPTIMIZATION_LEVEL = "-O";
				SWIFT_STRICT_CONCURRENCY = complete;
				VERSIONING_SYSTEM = "apple-generic";
				VERSION_INFO_PREFIX = "";
			};
			name = Release;
		};
		A660A41B47BDD2E7859F9160 /* Release */ = {
			isa = XCBuildConfiguration;
			buildSettings = {
				ALWAYS_SEARCH_USER_PATHS = NO;
				CLANG_ANALYZER_LOCALIZABILITY_NONLOCALIZED = YES;
				CLANG_ANALYZER_NONNULL = YES;
				CLANG_ANALYZER_NUMBER_OBJECT_CONVERSION = YES_AGGRESSIVE;
				CLANG_CXX_LANGUAGE_STANDARD = "gnu++14";
				CLANG_CXX_LIBRARY = "libc++";
				CLANG_ENABLE_MODULES = YES;
				CLANG_ENABLE_OBJC_ARC = YES;
				CLANG_ENABLE_OBJC_WEAK = YES;
				CLANG_WARN_BLOCK_CAPTURE_AUTORELEASING = YES;
				CLANG_WARN_BOOL_CONVERSION = YES;
				CLANG_WARN_COMMA = YES;
				CLANG_WARN_CONSTANT_CONVERSION = YES;
				CLANG_WARN_DEPRECATED_OBJC_IMPLEMENTATIONS = YES;
				CLANG_WARN_DIRECT_OBJC_ISA_USAGE = YES_ERROR;
				CLANG_WARN_DOCUMENTATION_COMMENTS = YES;
				CLANG_WARN_EMPTY_BODY = YES;
				CLANG_WARN_ENUM_CONVERSION = YES;
				CLANG_WARN_INFINITE_RECURSION = YES;
				CLANG_WARN_INT_CONVERSION = YES;
				CLANG_WARN_NON_LITERAL_NULL_CONVERSION = YES;
				CLANG_WARN_OBJC_IMPLICIT_RETAIN_SELF = YES;
				CLANG_WARN_OBJC_LITERAL_CONVERSION = YES;
				CLANG_WARN_OBJC_ROOT_CLASS = YES_ERROR;
				CLANG_WARN_QUOTED_INCLUDE_IN_FRAMEWORK_HEADER = YES;
				CLANG_WARN_RANGE_LOOP_ANALYSIS = YES;
				CLANG_WARN_STRICT_PROTOTYPES = YES;
				CLANG_WARN_SUSPICIOUS_MOVE = YES;
				CLANG_WARN_UNGUARDED_AVAILABILITY = YES_AGGRESSIVE;
				CLANG_WARN_UNREACHABLE_CODE = YES;
				CLANG_WARN__DUPLICATE_METHOD_MATCH = YES;
				COPY_PHASE_STRIP = NO;
				DEAD_CODE_STRIPPING = YES;
				DEBUG_INFORMATION_FORMAT = "dwarf-with-dsym";
				ENABLE_DEBUG_DYLIB = NO;
				ENABLE_NS_ASSERTIONS = NO;
				ENABLE_STRICT_OBJC_MSGSEND = YES;
				GCC_C_LANGUAGE_STANDARD = gnu11;
				GCC_NO_COMMON_BLOCKS = YES;
				GCC_WARN_64_TO_32_BIT_CONVERSION = YES;
				GCC_WARN_ABOUT_RETURN_TYPE = YES_ERROR;
				GCC_WARN_UNDECLARED_SELECTOR = YES;
				GCC_WARN_UNINITIALIZED_AUTOS = YES_AGGRESSIVE;
				GCC_WARN_UNUSED_FUNCTION = YES;
				GCC_WARN_UNUSED_VARIABLE = YES;
				MACOSX_DEPLOYMENT_TARGET = 15.0;
				MTL_ENABLE_DEBUG_INFO = NO;
				PRODUCT_NAME = "$(TARGET_NAME)";
				SWIFT_OPTIMIZATION_LEVEL = "-O";
				SWIFT_VERSION = 6.0;
				VALIDATE_PRODUCT = YES;
			};
			name = Release;
		};
		A79103FECA6F5C5894ADB398 /* Debug */ = {
			isa = XCBuildConfiguration;
			buildSettings = {
				ASSETCATALOG_COMPILER_APPICON_NAME = AppIcon;
				ASSETCATALOG_COMPILER_GLOBAL_ACCENT_COLOR_NAME = AccentColor;
				CODE_SIGNING_ALLOWED = YES;
				CODE_SIGN_ENTITLEMENTS = Sources/App/entitlements.plist;
				CODE_SIGN_IDENTITY = "-";
				COMBINE_HIDPI_IMAGES = YES;
				ENABLE_DEBUG_DYLIB = NO;
				ENABLE_PREVIEWS = NO;
				INFOPLIST_FILE = Sources/App/Info.plist;
				INFOPLIST_KEY_LSApplicationCategoryType = "public.app-category.utilities";
				INFOPLIST_KEY_LSUIElement = YES;
				LD_RUNPATH_SEARCH_PATHS = (
					"$(inherited)",
					"@executable_path/../Frameworks",
				);
				MACOSX_DEPLOYMENT_TARGET = 15.0;
				OTHER_LDFLAGS = (
					"$(inherited)",
					"-L$(DT_TOOLCHAIN_DIR)/usr/lib/swift/$(PLATFORM_NAME)",
				);
				PRODUCT_BUNDLE_IDENTIFIER = com.smartbalance.zhiyu;
				PRODUCT_NAME = "智余";
				SDKROOT = macosx;
				SWIFT_ACTIVE_COMPILATION_CONDITIONS = (
					"$(inherited)",
					DEBUG,
				);
				SWIFT_COMPILATION_MODE = singlefile;
				SWIFT_OPTIMIZATION_LEVEL = "-Onone";
				SWIFT_STRICT_CONCURRENCY = complete;
			};
			name = Debug;
		};
		ADF73872DAAAD7A82209DC6F /* Debug */ = {
			isa = XCBuildConfiguration;
			buildSettings = {
				CODE_SIGN_IDENTITY = "-";
				INFOPLIST_FILE = "Derived/InfoPlists/DomainTests-Info.plist";
				LD_RUNPATH_SEARCH_PATHS = (
					"$(inherited)",
					"@executable_path/../Frameworks",
					"@loader_path/../Frameworks",
				);
				MACOSX_DEPLOYMENT_TARGET = 15.0;
				OTHER_LDFLAGS = (
					"$(inherited)",
					"-L$(DT_TOOLCHAIN_DIR)/usr/lib/swift/$(PLATFORM_NAME)",
				);
				PRODUCT_BUNDLE_IDENTIFIER = "com.smartbalance.domain-tests";
				PRODUCT_NAME = DomainTests;
				SDKROOT = macosx;
				SWIFT_ACTIVE_COMPILATION_CONDITIONS = (
					"$(inherited)",
					DEBUG,
				);
				SWIFT_COMPILATION_MODE = singlefile;
				SWIFT_OPTIMIZATION_LEVEL = "-Onone";
			};
			name = Debug;
		};
		CB780967C41EFFFA10DFCCD4 /* Debug */ = {
			isa = XCBuildConfiguration;
			buildSettings = {
				CODE_SIGN_IDENTITY = "-";
				INFOPLIST_FILE = "Derived/InfoPlists/InfrastructureTests-Info.plist";
				LD_RUNPATH_SEARCH_PATHS = (
					"$(inherited)",
					"@executable_path/../Frameworks",
					"@loader_path/../Frameworks",
				);
				MACOSX_DEPLOYMENT_TARGET = 15.0;
				OTHER_LDFLAGS = (
					"$(inherited)",
					"-L$(DT_TOOLCHAIN_DIR)/usr/lib/swift/$(PLATFORM_NAME)",
				);
				PRODUCT_BUNDLE_IDENTIFIER = "com.smartbalance.infrastructure-tests";
				PRODUCT_NAME = InfrastructureTests;
				SDKROOT = macosx;
				SWIFT_ACTIVE_COMPILATION_CONDITIONS = (
					"$(inherited)",
					DEBUG,
				);
				SWIFT_COMPILATION_MODE = singlefile;
				SWIFT_OPTIMIZATION_LEVEL = "-Onone";
			};
			name = Debug;
		};
		EBE27533B972551CBCE4B336 /* Release */ = {
			isa = XCBuildConfiguration;
			buildSettings = {
				CODE_SIGN_IDENTITY = "-";
				INFOPLIST_FILE = "Derived/InfoPlists/InfrastructureTests-Info.plist";
				LD_RUNPATH_SEARCH_PATHS = (
					"$(inherited)",
					"@executable_path/../Frameworks",
					"@loader_path/../Frameworks",
				);
				MACOSX_DEPLOYMENT_TARGET = 15.0;
				OTHER_LDFLAGS = (
					"$(inherited)",
					"-L$(DT_TOOLCHAIN_DIR)/usr/lib/swift/$(PLATFORM_NAME)",
				);
				PRODUCT_BUNDLE_IDENTIFIER = "com.smartbalance.infrastructure-tests";
				PRODUCT_NAME = InfrastructureTests;
				SDKROOT = macosx;
				SWIFT_COMPILATION_MODE = wholemodule;
				SWIFT_OPTIMIZATION_LEVEL = "-O";
			};
			name = Release;
		};
/* End XCBuildConfiguration section */

/* Begin XCConfigurationList section */
		17786902F381AB0A7D64F247 /* Build configuration list for PBXNativeTarget "InfrastructureTests" */ = {
			isa = XCConfigurationList;
			buildConfigurations = (
				CB780967C41EFFFA10DFCCD4 /* Debug */,
				EBE27533B972551CBCE4B336 /* Release */,
			);
			defaultConfigurationIsVisible = 0;
			defaultConfigurationName = Release;
		};
		2B785E327E279EEDB9A9A67A /* Build configuration list for PBXNativeTarget "AppTests" */ = {
			isa = XCConfigurationList;
			buildConfigurations = (
				10EC3D68A22D39EA9763F4BB /* Debug */,
				219C786267BDC89DA59EB3EE /* Release */,
			);
			defaultConfigurationIsVisible = 0;
			defaultConfigurationName = Release;
		};
		2E4C01040121575956664B7D /* Build configuration list for PBXNativeTarget "SmartBalance" */ = {
			isa = XCConfigurationList;
			buildConfigurations = (
				A79103FECA6F5C5894ADB398 /* Debug */,
				2927BB97B467D016194AE5C9 /* Release */,
			);
			defaultConfigurationIsVisible = 0;
			defaultConfigurationName = Release;
		};
		4444E0AE4BE995B1191E4454 /* Build configuration list for PBXNativeTarget "Domain" */ = {
			isa = XCConfigurationList;
			buildConfigurations = (
				49F12CABA49619C43CC2E015 /* Debug */,
				02202B26991BF50DC7160FAC /* Release */,
			);
			defaultConfigurationIsVisible = 0;
			defaultConfigurationName = Release;
		};
		79A1BACC0D8764B483AB811A /* Build configuration list for PBXProject "SmartBalance" */ = {
			isa = XCConfigurationList;
			buildConfigurations = (
				19F6C457C4DE4748825A9F74 /* Debug */,
				A660A41B47BDD2E7859F9160 /* Release */,
			);
			defaultConfigurationIsVisible = 0;
			defaultConfigurationName = Release;
		};
		C80B956D3941DFD8F47D957F /* Build configuration list for PBXNativeTarget "Infrastructure" */ = {
			isa = XCConfigurationList;
			buildConfigurations = (
				042888FD4A1981573774788C /* Debug */,
				9117BC4B8E6EDE62C8069531 /* Release */,
			);
			defaultConfigurationIsVisible = 0;
			defaultConfigurationName = Release;
		};
		C9AC85AD4A56BD14FB0BB489 /* Build configuration list for PBXNativeTarget "DomainTests" */ = {
			isa = XCConfigurationList;
			buildConfigurations = (
				ADF73872DAAAD7A82209DC6F /* Debug */,
				7DF79B2577191B45A351B133 /* Release */,
			);
			defaultConfigurationIsVisible = 0;
			defaultConfigurationName = Release;
		};
/* End XCConfigurationList section */
	};
	rootObject = 5AFCC80BD97D1B75DA888207 /* Project object */;
}
