{
  "originHash" : "f03d3b9541332f33caa2fab92177d5ab45208a2c99f4d56dcadf9fb8b8bb11cb",
  "pins" : [
    {
      "identity" : "menubarextraaccess",
      "kind" : "remoteSourceControl",
      "location" : "https://github.com/orchetect/MenuBarExtraAccess",
      "state" : {
        "revision" : "e93e3a5b814714bf4d4cea67bf63a6b6a8323968",
        "version" : "1.3.1"
      }
    }
  ],
  "version" : 3
}
